PODS:
  - Alamofire (4.5.0)
  - Decodable (0.5)
  - Device (3.0.2)
  - KMNavigationBarTransition (1.0.0)
  - MobileVLCKit-unstable (3.0.0a8)
  - Moya (9.0.0-alpha.1):
    - Moya/Core (= 9.0.0-alpha.1)
  - Moya/Core (9.0.0-alpha.1):
    - Alamofire (~> 4.1)
    - Result (~> 3.0)
  - Nuke (5.1.1)
  - PKHUD (4.2.3)
  - Realm (2.9.1):
    - Realm/Headers (= 2.9.1)
  - Realm/Headers (2.9.1)
  - RealmSwift (2.9.1):
    - Realm (= 2.9.1)
  - Result (3.2.3)
  - ReSwift (4.0.0)
  - SnapKit (3.2.0)
  - StatusBarNotificationCenter (1.1.4)
  - Timepiece (1.2.0)

DEPENDENCIES:
  - Decodable (~> 0.5)
  - Device (~> 3.0.2)
  - KMNavigationBarTransition (~> 1.0.0)
  - MobileVLCKit-unstable (= 3.0.0a8)
  - Moya (from `git@github.com:Moya/Moya.git`, branch `9.0.0-dev`)
  - Nuke (~> 5.0)
  - PKHUD (~> 4.2)
  - RealmSwift (~> 2.8)
  - ReSwift (~> 4.0)
  - SnapKit (~> 3.2)
  - StatusBarNotificationCenter (from `git@github.com:nikans/StatusBarNotificationCenter.git`)
  - Timepiece (~> 1.2.0)

EXTERNAL SOURCES:
  Moya:
    :branch: 9.0.0-dev
    :git: git@github.com:Moya/Moya.git
  StatusBarNotificationCenter:
    :git: git@github.com:nikans/StatusBarNotificationCenter.git

CHECKOUT OPTIONS:
  Moya:
    :commit: 4bcac8144fd438b9b93c2a9907a8581dfd899278
    :git: git@github.com:Moya/Moya.git
  StatusBarNotificationCenter:
    :commit: eade9576773a0a8101e522681dac8f563a5d5136
    :git: git@github.com:nikans/StatusBarNotificationCenter.git

SPEC CHECKSUMS:
  Alamofire: f28cdffd29de33a7bfa022cbd63ae95a27fae140
  Decodable: 7c90acc68d357b71d0d6efc120faf9c53c644b7e
  Device: 746d3457c67e6d7227c8c7945978314d06900437
  KMNavigationBarTransition: b3fb8337f7a1e4542add07fd6c45fb9980794d59
  MobileVLCKit-unstable: f26a69fa76366dadbc9badcba5923ac18d3b82d6
  Moya: d104801616468247e5a9abd258c838c5ca6b1389
  Nuke: 0a2ddb4bd13d75782964bf598a159ca2a836d826
  PKHUD: c7692163a09875cbf15827dc581df3c5cf7f1015
  Realm: f91fb43bd474c4f731a116ebf7392c75dd015920
  RealmSwift: 207f12a4a36b696c5183c60a1c06d70234a23e56
  Result: 128640a6347e8d2ae48b142556739a2d13f90ce6
  ReSwift: f058ef13b46ae5f463f10605ccbbb7fb04424d8d
  SnapKit: 1ca44df72cfa543218d177cb8aab029d10d86ea7
  StatusBarNotificationCenter: cbf1b26836233faa978f5d748cbf3b6d66dd3f86
  Timepiece: d07900e985af4911f09146f1175fdbec37944836

PODFILE CHECKSUM: e7620a17b2e87ce1674aac7ccf92f076c119c0ae

COCOAPODS: 1.2.0
