// !$*UTF8*$!
{
	archiveVersion = 1;
	classes = {
	};
	objectVersion = 46;
	objects = {

/* Begin PBXBuildFile section */
		4427B3DE1F3F0A0A00774D0C /* AppDelegate.swift in Sources */ = {isa = PBXBuildFile; fileRef = 4427B3DD1F3F0A0A00774D0C /* AppDelegate.swift */; };
		4427B3E31F3F0A0A00774D0C /* Main.storyboard in Resources */ = {isa = PBXBuildFile; fileRef = 4427B3E11F3F0A0A00774D0C /* Main.storyboard */; };
		4427B3E51F3F0A0A00774D0C /* Assets.xcassets in Resources */ = {isa = PBXBuildFile; fileRef = 4427B3E41F3F0A0A00774D0C /* Assets.xcassets */; };
		4427B3E81F3F0A0A00774D0C /* LaunchScreen.storyboard in Resources */ = {isa = PBXBuildFile; fileRef = 4427B3E61F3F0A0A00774D0C /* LaunchScreen.storyboard */; };
		4427B3F31F3F0A0A00774D0C /* NLiveTests.swift in Sources */ = {isa = PBXBuildFile; fileRef = 4427B3F21F3F0A0A00774D0C /* NLiveTests.swift */; };
		4427B3FE1F3F0A0A00774D0C /* NLiveUITests.swift in Sources */ = {isa = PBXBuildFile; fileRef = 4427B3FD1F3F0A0A00774D0C /* NLiveUITests.swift */; };
		4427B4181F3F24CE00774D0C /* libz.tbd in Frameworks */ = {isa = PBXBuildFile; fileRef = 4427B4171F3F24CE00774D0C /* libz.tbd */; };
		4427B41A1F3F24D400774D0C /* libiconv.tbd in Frameworks */ = {isa = PBXBuildFile; fileRef = 4427B4191F3F24D400774D0C /* libiconv.tbd */; };
		4427B41C1F3F24E100774D0C /* libstdc++.tbd in Frameworks */ = {isa = PBXBuildFile; fileRef = 4427B41B1F3F24E100774D0C /* libstdc++.tbd */; };
		4427B4201F3F24F800774D0C /* AudioToolbox.framework in Frameworks */ = {isa = PBXBuildFile; fileRef = 4427B41F1F3F24F800774D0C /* AudioToolbox.framework */; };
		4427B4221F3F250400774D0C /* libbz2.tbd in Frameworks */ = {isa = PBXBuildFile; fileRef = 4427B4211F3F250400774D0C /* libbz2.tbd */; };
		4427B4241F3F252800774D0C /* CoreMedia.framework in Frameworks */ = {isa = PBXBuildFile; fileRef = 4427B4231F3F252800774D0C /* CoreMedia.framework */; };
		4427B4261F3F253400774D0C /* AVFoundation.framework in Frameworks */ = {isa = PBXBuildFile; fileRef = 4427B4251F3F253400774D0C /* AVFoundation.framework */; };
		4427B4281F3F254000774D0C /* VideoToolbox.framework in Frameworks */ = {isa = PBXBuildFile; fileRef = 4427B4271F3F254000774D0C /* VideoToolbox.framework */; };
		4439CB8C1F3F5A7C00AD3190 /* LastBroadcastCell.swift in Sources */ = {isa = PBXBuildFile; fileRef = 4439CB8B1F3F5A7C00AD3190 /* LastBroadcastCell.swift */; };
		4439CB8E1F3F5AA300AD3190 /* AllShowCell.swift in Sources */ = {isa = PBXBuildFile; fileRef = 4439CB8D1F3F5AA300AD3190 /* AllShowCell.swift */; };
		4439CB8F1F3F5FA600AD3190 /* LastBroadcastsDataSource.swift in Sources */ = {isa = PBXBuildFile; fileRef = 44B8F70D1F3F4EEF00729CA4 /* LastBroadcastsDataSource.swift */; };
		4439CB901F3F5FA800AD3190 /* AllShowsDataSource.swift in Sources */ = {isa = PBXBuildFile; fileRef = 44B8F70B1F3F4EDD00729CA4 /* AllShowsDataSource.swift */; };
		446A2B941F4014710067C124 /* StreamScrollView.swift in Sources */ = {isa = PBXBuildFile; fileRef = 446A2B931F4014710067C124 /* StreamScrollView.swift */; };
		446A2B961F401A250067C124 /* MediaPlayer.framework in Frameworks */ = {isa = PBXBuildFile; fileRef = 446A2B951F401A250067C124 /* MediaPlayer.framework */; };
		44B8F70F1F3F4EF800729CA4 /* MainListViewController.swift in Sources */ = {isa = PBXBuildFile; fileRef = 44B8F70E1F3F4EF800729CA4 /* MainListViewController.swift */; };
		44DC17741F3FD9DD00C6B967 /* MainViewController.swift in Sources */ = {isa = PBXBuildFile; fileRef = 44DC17731F3FD9DD00C6B967 /* MainViewController.swift */; };
		B1FD26D92EBDF15FD1DAC3D2 /* Pods_NLiveUITests.framework in Frameworks */ = {isa = PBXBuildFile; fileRef = DB8C95817FDA64BE4BE42B92 /* Pods_NLiveUITests.framework */; };
		CC4994DF3B64AC697162781F /* Pods_NLive.framework in Frameworks */ = {isa = PBXBuildFile; fileRef = 17F075980EDDD8B510BF34E1 /* Pods_NLive.framework */; };
		D05B4E131F3F990100345D7D /* Network.swift in Sources */ = {isa = PBXBuildFile; fileRef = D05B4E0B1F3F990100345D7D /* Network.swift */; };
		D05B4E141F3F990100345D7D /* Reachability.swift in Sources */ = {isa = PBXBuildFile; fileRef = D05B4E0C1F3F990100345D7D /* Reachability.swift */; };
		D05B4E151F3F990100345D7D /* ReachabilityService.swift in Sources */ = {isa = PBXBuildFile; fileRef = D05B4E0D1F3F990100345D7D /* ReachabilityService.swift */; };
		D05B4E161F3F990100345D7D /* ReachabilityState.swift in Sources */ = {isa = PBXBuildFile; fileRef = D05B4E0E1F3F990100345D7D /* ReachabilityState.swift */; };
		D05B4E171F3F990100345D7D /* State.swift in Sources */ = {isa = PBXBuildFile; fileRef = D05B4E0F1F3F990100345D7D /* State.swift */; };
		D05B4E181F3F990100345D7D /* StatusBarNotificationsParamenters.swift in Sources */ = {isa = PBXBuildFile; fileRef = D05B4E101F3F990100345D7D /* StatusBarNotificationsParamenters.swift */; };
		D05B4E1A1F3F990100345D7D /* Styleguide.swift in Sources */ = {isa = PBXBuildFile; fileRef = D05B4E121F3F990100345D7D /* Styleguide.swift */; };
		D05B4E1C1F3F9A6B00345D7D /* Router.swift in Sources */ = {isa = PBXBuildFile; fileRef = D05B4E1B1F3F9A6B00345D7D /* Router.swift */; };
		D05B4E1F1F3F9CC400345D7D /* ShowNetworkService.swift in Sources */ = {isa = PBXBuildFile; fileRef = D05B4E1E1F3F9CC400345D7D /* ShowNetworkService.swift */; };
		D05B4E211F3F9E9200345D7D /* BroadcastNetworkService.swift in Sources */ = {isa = PBXBuildFile; fileRef = D05B4E201F3F9E9200345D7D /* BroadcastNetworkService.swift */; };
		D05B4E231F3F9F7600345D7D /* PushNetworkService.swift in Sources */ = {isa = PBXBuildFile; fileRef = D05B4E221F3F9F7600345D7D /* PushNetworkService.swift */; };
		D090D6141F3FA11F0007BDEC /* NetworkEntities.swift in Sources */ = {isa = PBXBuildFile; fileRef = D090D6131F3FA11F0007BDEC /* NetworkEntities.swift */; };
		D090D6221F3FA3350007BDEC /* Collection+extension.swift in Sources */ = {isa = PBXBuildFile; fileRef = D090D6161F3FA3350007BDEC /* Collection+extension.swift */; };
		D090D6231F3FA3350007BDEC /* Date+extension.swift in Sources */ = {isa = PBXBuildFile; fileRef = D090D6171F3FA3350007BDEC /* Date+extension.swift */; };
		D090D6241F3FA3350007BDEC /* MVP.swift in Sources */ = {isa = PBXBuildFile; fileRef = D090D6181F3FA3350007BDEC /* MVP.swift */; };
		D090D6251F3FA3350007BDEC /* Number+extension.swift in Sources */ = {isa = PBXBuildFile; fileRef = D090D6191F3FA3350007BDEC /* Number+extension.swift */; };
		D090D6261F3FA3350007BDEC /* Realm+extension.swift in Sources */ = {isa = PBXBuildFile; fileRef = D090D61A1F3FA3350007BDEC /* Realm+extension.swift */; };
		D090D6271F3FA3350007BDEC /* Response+Decodable.swift in Sources */ = {isa = PBXBuildFile; fileRef = D090D61B1F3FA3350007BDEC /* Response+Decodable.swift */; };
		D090D6281F3FA3350007BDEC /* ReSwift+extension.swift in Sources */ = {isa = PBXBuildFile; fileRef = D090D61C1F3FA3350007BDEC /* ReSwift+extension.swift */; };
		D090D6291F3FA3350007BDEC /* String+extension.swift in Sources */ = {isa = PBXBuildFile; fileRef = D090D61D1F3FA3350007BDEC /* String+extension.swift */; };
		D090D62B1F3FA3350007BDEC /* UIImage+extension.swift in Sources */ = {isa = PBXBuildFile; fileRef = D090D61F1F3FA3350007BDEC /* UIImage+extension.swift */; };
		D090D62C1F3FA3350007BDEC /* UIKit+extension.swift in Sources */ = {isa = PBXBuildFile; fileRef = D090D6201F3FA3350007BDEC /* UIKit+extension.swift */; };
		D090D62D1F3FA3350007BDEC /* UIView+extension.swift in Sources */ = {isa = PBXBuildFile; fileRef = D090D6211F3FA3350007BDEC /* UIView+extension.swift */; };
		D0B257B91F3FB382003EEC2F /* ShowStoreEntities.swift in Sources */ = {isa = PBXBuildFile; fileRef = 4439CB841F3F51E900AD3190 /* ShowStoreEntities.swift */; };
		D0B257BA1F3FB387003EEC2F /* BroadcastStoreEntities.swift in Sources */ = {isa = PBXBuildFile; fileRef = 4439CB891F3F520D00AD3190 /* BroadcastStoreEntities.swift */; };
		D0B257BD1F3FB90F003EEC2F /* DashboardDispatcher.swift in Sources */ = {isa = PBXBuildFile; fileRef = D0B257BC1F3FB90F003EEC2F /* DashboardDispatcher.swift */; };
		D0B257BF1F3FBB28003EEC2F /* ShowStoreService.swift in Sources */ = {isa = PBXBuildFile; fileRef = D0B257BE1F3FBB28003EEC2F /* ShowStoreService.swift */; };
		D0B257C11F3FBE84003EEC2F /* BroadcastStoreService.swift in Sources */ = {isa = PBXBuildFile; fileRef = D0B257C01F3FBE84003EEC2F /* BroadcastStoreService.swift */; };
		D0B257C31F3FC508003EEC2F /* DashboardState.swift in Sources */ = {isa = PBXBuildFile; fileRef = D0B257C21F3FC508003EEC2F /* DashboardState.swift */; };
		D0B257C71F3FDEEA003EEC2F /* StreamViewController.swift in Sources */ = {isa = PBXBuildFile; fileRef = D0B257C61F3FDEEA003EEC2F /* StreamViewController.swift */; };
		D0B257C91F3FEEB0003EEC2F /* Stream.storyboard in Resources */ = {isa = PBXBuildFile; fileRef = D0B257C81F3FEEB0003EEC2F /* Stream.storyboard */; };
		D0B257CB1F4005D2003EEC2F /* UIFont+extension.swift in Sources */ = {isa = PBXBuildFile; fileRef = D0B257CA1F4005D2003EEC2F /* UIFont+extension.swift */; };
		D0B257EB1F40076A003EEC2F /* OpenSans-Bold.ttf in Resources */ = {isa = PBXBuildFile; fileRef = D0B257E11F40076A003EEC2F /* OpenSans-Bold.ttf */; };
		D0B257EC1F40076A003EEC2F /* OpenSans-BoldItalic.ttf in Resources */ = {isa = PBXBuildFile; fileRef = D0B257E21F40076A003EEC2F /* OpenSans-BoldItalic.ttf */; };
		D0B257ED1F40076A003EEC2F /* OpenSans-ExtraBold.ttf in Resources */ = {isa = PBXBuildFile; fileRef = D0B257E31F40076A003EEC2F /* OpenSans-ExtraBold.ttf */; };
		D0B257EE1F40076A003EEC2F /* OpenSans-ExtraBoldItalic.ttf in Resources */ = {isa = PBXBuildFile; fileRef = D0B257E41F40076A003EEC2F /* OpenSans-ExtraBoldItalic.ttf */; };
		D0B257EF1F40076A003EEC2F /* OpenSans-Italic.ttf in Resources */ = {isa = PBXBuildFile; fileRef = D0B257E51F40076A003EEC2F /* OpenSans-Italic.ttf */; };
		D0B257F01F40076A003EEC2F /* OpenSans-Light.ttf in Resources */ = {isa = PBXBuildFile; fileRef = D0B257E61F40076A003EEC2F /* OpenSans-Light.ttf */; };
		D0B257F11F40076A003EEC2F /* OpenSans-LightItalic.ttf in Resources */ = {isa = PBXBuildFile; fileRef = D0B257E71F40076A003EEC2F /* OpenSans-LightItalic.ttf */; };
		D0B257F21F40076A003EEC2F /* OpenSans-Regular.ttf in Resources */ = {isa = PBXBuildFile; fileRef = D0B257E81F40076A003EEC2F /* OpenSans-Regular.ttf */; };
		D0B257F31F40076A003EEC2F /* OpenSans-Semibold.ttf in Resources */ = {isa = PBXBuildFile; fileRef = D0B257E91F40076A003EEC2F /* OpenSans-Semibold.ttf */; };
		D0B257F41F40076A003EEC2F /* OpenSans-SemiboldItalic.ttf in Resources */ = {isa = PBXBuildFile; fileRef = D0B257EA1F40076A003EEC2F /* OpenSans-SemiboldItalic.ttf */; };
		D0B257F61F400D91003EEC2F /* StreamState.swift in Sources */ = {isa = PBXBuildFile; fileRef = D0B257F51F400D91003EEC2F /* StreamState.swift */; };
		F214E70C820C4DA76E65DDB6 /* Pods_NLiveTests.framework in Frameworks */ = {isa = PBXBuildFile; fileRef = 50C76E2DEA12F88CAD49AD6B /* Pods_NLiveTests.framework */; };
/* End PBXBuildFile section */

/* Begin PBXContainerItemProxy section */
		4427B3EF1F3F0A0A00774D0C /* PBXContainerItemProxy */ = {
			isa = PBXContainerItemProxy;
			containerPortal = 4427B3D21F3F0A0A00774D0C /* Project object */;
			proxyType = 1;
			remoteGlobalIDString = 4427B3D91F3F0A0A00774D0C;
			remoteInfo = NLive;
		};
		4427B3FA1F3F0A0A00774D0C /* PBXContainerItemProxy */ = {
			isa = PBXContainerItemProxy;
			containerPortal = 4427B3D21F3F0A0A00774D0C /* Project object */;
			proxyType = 1;
			remoteGlobalIDString = 4427B3D91F3F0A0A00774D0C;
			remoteInfo = NLive;
		};
/* End PBXContainerItemProxy section */

/* Begin PBXCopyFilesBuildPhase section */
		4427B4111F3F1E9A00774D0C /* Embed Frameworks */ = {
			isa = PBXCopyFilesBuildPhase;
			buildActionMask = 2147483647;
			dstPath = "";
			dstSubfolderSpec = 10;
			files = (
			);
			name = "Embed Frameworks";
			runOnlyForDeploymentPostprocessing = 0;
		};
/* End PBXCopyFilesBuildPhase section */

/* Begin PBXFileReference section */
		15D53AC912BDB19F883EE6C7 /* Pods-NLiveTests.debug.xcconfig */ = {isa = PBXFileReference; includeInIndex = 1; lastKnownFileType = text.xcconfig; name = "Pods-NLiveTests.debug.xcconfig"; path = "Pods/Target Support Files/Pods-NLiveTests/Pods-NLiveTests.debug.xcconfig"; sourceTree = "<group>"; };
		17F075980EDDD8B510BF34E1 /* Pods_NLive.framework */ = {isa = PBXFileReference; explicitFileType = wrapper.framework; includeInIndex = 0; path = Pods_NLive.framework; sourceTree = BUILT_PRODUCTS_DIR; };
		199E322A1C3CFE58942135D1 /* Pods-NLive.release.xcconfig */ = {isa = PBXFileReference; includeInIndex = 1; lastKnownFileType = text.xcconfig; name = "Pods-NLive.release.xcconfig"; path = "Pods/Target Support Files/Pods-NLive/Pods-NLive.release.xcconfig"; sourceTree = "<group>"; };
		4427B3DA1F3F0A0A00774D0C /* NLive.app */ = {isa = PBXFileReference; explicitFileType = wrapper.application; includeInIndex = 0; path = NLive.app; sourceTree = BUILT_PRODUCTS_DIR; };
		4427B3DD1F3F0A0A00774D0C /* AppDelegate.swift */ = {isa = PBXFileReference; lastKnownFileType = sourcecode.swift; path = AppDelegate.swift; sourceTree = "<group>"; };
		4427B3E21F3F0A0A00774D0C /* Base */ = {isa = PBXFileReference; lastKnownFileType = file.storyboard; name = Base; path = Base.lproj/Main.storyboard; sourceTree = "<group>"; };
		4427B3E41F3F0A0A00774D0C /* Assets.xcassets */ = {isa = PBXFileReference; lastKnownFileType = folder.assetcatalog; path = Assets.xcassets; sourceTree = "<group>"; };
		4427B3E71F3F0A0A00774D0C /* Base */ = {isa = PBXFileReference; lastKnownFileType = file.storyboard; name = Base; path = Base.lproj/LaunchScreen.storyboard; sourceTree = "<group>"; };
		4427B3E91F3F0A0A00774D0C /* Info.plist */ = {isa = PBXFileReference; lastKnownFileType = text.plist.xml; path = Info.plist; sourceTree = "<group>"; };
		4427B3EE1F3F0A0A00774D0C /* NLiveTests.xctest */ = {isa = PBXFileReference; explicitFileType = wrapper.cfbundle; includeInIndex = 0; path = NLiveTests.xctest; sourceTree = BUILT_PRODUCTS_DIR; };
		4427B3F21F3F0A0A00774D0C /* NLiveTests.swift */ = {isa = PBXFileReference; lastKnownFileType = sourcecode.swift; path = NLiveTests.swift; sourceTree = "<group>"; };
		4427B3F41F3F0A0A00774D0C /* Info.plist */ = {isa = PBXFileReference; lastKnownFileType = text.plist.xml; path = Info.plist; sourceTree = "<group>"; };
		4427B3F91F3F0A0A00774D0C /* NLiveUITests.xctest */ = {isa = PBXFileReference; explicitFileType = wrapper.cfbundle; includeInIndex = 0; path = NLiveUITests.xctest; sourceTree = BUILT_PRODUCTS_DIR; };
		4427B3FD1F3F0A0A00774D0C /* NLiveUITests.swift */ = {isa = PBXFileReference; lastKnownFileType = sourcecode.swift; path = NLiveUITests.swift; sourceTree = "<group>"; };
		4427B3FF1F3F0A0A00774D0C /* Info.plist */ = {isa = PBXFileReference; lastKnownFileType = text.plist.xml; path = Info.plist; sourceTree = "<group>"; };
		4427B4131F3F244200774D0C /* NLive-Bridging-Header.h */ = {isa = PBXFileReference; lastKnownFileType = sourcecode.c.h; path = "NLive-Bridging-Header.h"; sourceTree = "<group>"; };
		4427B4171F3F24CE00774D0C /* libz.tbd */ = {isa = PBXFileReference; lastKnownFileType = "sourcecode.text-based-dylib-definition"; name = libz.tbd; path = usr/lib/libz.tbd; sourceTree = SDKROOT; };
		4427B4191F3F24D400774D0C /* libiconv.tbd */ = {isa = PBXFileReference; lastKnownFileType = "sourcecode.text-based-dylib-definition"; name = libiconv.tbd; path = usr/lib/libiconv.tbd; sourceTree = SDKROOT; };
		4427B41B1F3F24E100774D0C /* libstdc++.tbd */ = {isa = PBXFileReference; lastKnownFileType = "sourcecode.text-based-dylib-definition"; name = "libstdc++.tbd"; path = "usr/lib/libstdc++.tbd"; sourceTree = SDKROOT; };
		4427B41D1F3F24F300774D0C /* AudioUnit.framework */ = {isa = PBXFileReference; lastKnownFileType = wrapper.framework; name = AudioUnit.framework; path = System/Library/Frameworks/AudioUnit.framework; sourceTree = SDKROOT; };
		4427B41F1F3F24F800774D0C /* AudioToolbox.framework */ = {isa = PBXFileReference; lastKnownFileType = wrapper.framework; name = AudioToolbox.framework; path = System/Library/Frameworks/AudioToolbox.framework; sourceTree = SDKROOT; };
		4427B4211F3F250400774D0C /* libbz2.tbd */ = {isa = PBXFileReference; lastKnownFileType = "sourcecode.text-based-dylib-definition"; name = libbz2.tbd; path = usr/lib/libbz2.tbd; sourceTree = SDKROOT; };
		4427B4231F3F252800774D0C /* CoreMedia.framework */ = {isa = PBXFileReference; lastKnownFileType = wrapper.framework; name = CoreMedia.framework; path = System/Library/Frameworks/CoreMedia.framework; sourceTree = SDKROOT; };
		4427B4251F3F253400774D0C /* AVFoundation.framework */ = {isa = PBXFileReference; lastKnownFileType = wrapper.framework; name = AVFoundation.framework; path = System/Library/Frameworks/AVFoundation.framework; sourceTree = SDKROOT; };
		4427B4271F3F254000774D0C /* VideoToolbox.framework */ = {isa = PBXFileReference; lastKnownFileType = wrapper.framework; name = VideoToolbox.framework; path = System/Library/Frameworks/VideoToolbox.framework; sourceTree = SDKROOT; };
		4439CB841F3F51E900AD3190 /* ShowStoreEntities.swift */ = {isa = PBXFileReference; lastKnownFileType = sourcecode.swift; path = ShowStoreEntities.swift; sourceTree = "<group>"; };
		4439CB891F3F520D00AD3190 /* BroadcastStoreEntities.swift */ = {isa = PBXFileReference; lastKnownFileType = sourcecode.swift; path = BroadcastStoreEntities.swift; sourceTree = "<group>"; };
		4439CB8B1F3F5A7C00AD3190 /* LastBroadcastCell.swift */ = {isa = PBXFileReference; lastKnownFileType = sourcecode.swift; path = LastBroadcastCell.swift; sourceTree = "<group>"; };
		4439CB8D1F3F5AA300AD3190 /* AllShowCell.swift */ = {isa = PBXFileReference; lastKnownFileType = sourcecode.swift; path = AllShowCell.swift; sourceTree = "<group>"; };
		446A2B931F4014710067C124 /* StreamScrollView.swift */ = {isa = PBXFileReference; lastKnownFileType = sourcecode.swift; path = StreamScrollView.swift; sourceTree = "<group>"; };
		446A2B951F401A250067C124 /* MediaPlayer.framework */ = {isa = PBXFileReference; lastKnownFileType = wrapper.framework; name = MediaPlayer.framework; path = System/Library/Frameworks/MediaPlayer.framework; sourceTree = SDKROOT; };
		44B8F70B1F3F4EDD00729CA4 /* AllShowsDataSource.swift */ = {isa = PBXFileReference; lastKnownFileType = sourcecode.swift; path = AllShowsDataSource.swift; sourceTree = "<group>"; };
		44B8F70D1F3F4EEF00729CA4 /* LastBroadcastsDataSource.swift */ = {isa = PBXFileReference; lastKnownFileType = sourcecode.swift; path = LastBroadcastsDataSource.swift; sourceTree = "<group>"; };
		44B8F70E1F3F4EF800729CA4 /* MainListViewController.swift */ = {isa = PBXFileReference; lastKnownFileType = sourcecode.swift; path = MainListViewController.swift; sourceTree = "<group>"; };
		44DC17731F3FD9DD00C6B967 /* MainViewController.swift */ = {isa = PBXFileReference; lastKnownFileType = sourcecode.swift; path = MainViewController.swift; sourceTree = "<group>"; };
		50C76E2DEA12F88CAD49AD6B /* Pods_NLiveTests.framework */ = {isa = PBXFileReference; explicitFileType = wrapper.framework; includeInIndex = 0; path = Pods_NLiveTests.framework; sourceTree = BUILT_PRODUCTS_DIR; };
		57F3997E03886CCFBE2C5BA4 /* Pods-NLiveUITests.debug.xcconfig */ = {isa = PBXFileReference; includeInIndex = 1; lastKnownFileType = text.xcconfig; name = "Pods-NLiveUITests.debug.xcconfig"; path = "Pods/Target Support Files/Pods-NLiveUITests/Pods-NLiveUITests.debug.xcconfig"; sourceTree = "<group>"; };
		5ED46AF8F19BEC7358F248DA /* Pods-NLiveTests.release.xcconfig */ = {isa = PBXFileReference; includeInIndex = 1; lastKnownFileType = text.xcconfig; name = "Pods-NLiveTests.release.xcconfig"; path = "Pods/Target Support Files/Pods-NLiveTests/Pods-NLiveTests.release.xcconfig"; sourceTree = "<group>"; };
		79198058500CCC9ED2F675C3 /* Pods-NLiveUITests.release.xcconfig */ = {isa = PBXFileReference; includeInIndex = 1; lastKnownFileType = text.xcconfig; name = "Pods-NLiveUITests.release.xcconfig"; path = "Pods/Target Support Files/Pods-NLiveUITests/Pods-NLiveUITests.release.xcconfig"; sourceTree = "<group>"; };
		D05B4E0B1F3F990100345D7D /* Network.swift */ = {isa = PBXFileReference; fileEncoding = 4; lastKnownFileType = sourcecode.swift; name = Network.swift; path = App/Network.swift; sourceTree = "<group>"; };
		D05B4E0C1F3F990100345D7D /* Reachability.swift */ = {isa = PBXFileReference; fileEncoding = 4; lastKnownFileType = sourcecode.swift; name = Reachability.swift; path = App/Reachability.swift; sourceTree = "<group>"; };
		D05B4E0D1F3F990100345D7D /* ReachabilityService.swift */ = {isa = PBXFileReference; fileEncoding = 4; lastKnownFileType = sourcecode.swift; name = ReachabilityService.swift; path = App/ReachabilityService.swift; sourceTree = "<group>"; };
		D05B4E0E1F3F990100345D7D /* ReachabilityState.swift */ = {isa = PBXFileReference; fileEncoding = 4; lastKnownFileType = sourcecode.swift; name = ReachabilityState.swift; path = App/ReachabilityState.swift; sourceTree = "<group>"; };
		D05B4E0F1F3F990100345D7D /* State.swift */ = {isa = PBXFileReference; fileEncoding = 4; lastKnownFileType = sourcecode.swift; name = State.swift; path = App/State.swift; sourceTree = "<group>"; };
		D05B4E101F3F990100345D7D /* StatusBarNotificationsParamenters.swift */ = {isa = PBXFileReference; fileEncoding = 4; lastKnownFileType = sourcecode.swift; name = StatusBarNotificationsParamenters.swift; path = App/StatusBarNotificationsParamenters.swift; sourceTree = "<group>"; };
		D05B4E121F3F990100345D7D /* Styleguide.swift */ = {isa = PBXFileReference; fileEncoding = 4; lastKnownFileType = sourcecode.swift; name = Styleguide.swift; path = App/Styleguide.swift; sourceTree = "<group>"; };
		D05B4E1B1F3F9A6B00345D7D /* Router.swift */ = {isa = PBXFileReference; fileEncoding = 4; lastKnownFileType = sourcecode.swift; name = Router.swift; path = App/Router.swift; sourceTree = "<group>"; };
		D05B4E1E1F3F9CC400345D7D /* ShowNetworkService.swift */ = {isa = PBXFileReference; fileEncoding = 4; lastKnownFileType = sourcecode.swift; name = ShowNetworkService.swift; path = Network/ShowNetworkService.swift; sourceTree = "<group>"; };
		D05B4E201F3F9E9200345D7D /* BroadcastNetworkService.swift */ = {isa = PBXFileReference; fileEncoding = 4; lastKnownFileType = sourcecode.swift; name = BroadcastNetworkService.swift; path = Network/BroadcastNetworkService.swift; sourceTree = "<group>"; };
		D05B4E221F3F9F7600345D7D /* PushNetworkService.swift */ = {isa = PBXFileReference; fileEncoding = 4; lastKnownFileType = sourcecode.swift; name = PushNetworkService.swift; path = Network/PushNetworkService.swift; sourceTree = "<group>"; };
		D090D6131F3FA11F0007BDEC /* NetworkEntities.swift */ = {isa = PBXFileReference; fileEncoding = 4; lastKnownFileType = sourcecode.swift; name = NetworkEntities.swift; path = Network/NetworkEntities.swift; sourceTree = "<group>"; };
		D090D6161F3FA3350007BDEC /* Collection+extension.swift */ = {isa = PBXFileReference; fileEncoding = 4; lastKnownFileType = sourcecode.swift; name = "Collection+extension.swift"; path = "Helpers/Collection+extension.swift"; sourceTree = "<group>"; };
		D090D6171F3FA3350007BDEC /* Date+extension.swift */ = {isa = PBXFileReference; fileEncoding = 4; lastKnownFileType = sourcecode.swift; name = "Date+extension.swift"; path = "Helpers/Date+extension.swift"; sourceTree = "<group>"; };
		D090D6181F3FA3350007BDEC /* MVP.swift */ = {isa = PBXFileReference; fileEncoding = 4; lastKnownFileType = sourcecode.swift; name = MVP.swift; path = Helpers/MVP.swift; sourceTree = "<group>"; };
		D090D6191F3FA3350007BDEC /* Number+extension.swift */ = {isa = PBXFileReference; fileEncoding = 4; lastKnownFileType = sourcecode.swift; name = "Number+extension.swift"; path = "Helpers/Number+extension.swift"; sourceTree = "<group>"; };
		D090D61A1F3FA3350007BDEC /* Realm+extension.swift */ = {isa = PBXFileReference; fileEncoding = 4; lastKnownFileType = sourcecode.swift; name = "Realm+extension.swift"; path = "Helpers/Realm+extension.swift"; sourceTree = "<group>"; };
		D090D61B1F3FA3350007BDEC /* Response+Decodable.swift */ = {isa = PBXFileReference; fileEncoding = 4; lastKnownFileType = sourcecode.swift; name = "Response+Decodable.swift"; path = "Helpers/Response+Decodable.swift"; sourceTree = "<group>"; };
		D090D61C1F3FA3350007BDEC /* ReSwift+extension.swift */ = {isa = PBXFileReference; fileEncoding = 4; lastKnownFileType = sourcecode.swift; name = "ReSwift+extension.swift"; path = "Helpers/ReSwift+extension.swift"; sourceTree = "<group>"; };
		D090D61D1F3FA3350007BDEC /* String+extension.swift */ = {isa = PBXFileReference; fileEncoding = 4; lastKnownFileType = sourcecode.swift; name = "String+extension.swift"; path = "Helpers/String+extension.swift"; sourceTree = "<group>"; };
		D090D61F1F3FA3350007BDEC /* UIImage+extension.swift */ = {isa = PBXFileReference; fileEncoding = 4; lastKnownFileType = sourcecode.swift; name = "UIImage+extension.swift"; path = "Helpers/UIImage+extension.swift"; sourceTree = "<group>"; };
		D090D6201F3FA3350007BDEC /* UIKit+extension.swift */ = {isa = PBXFileReference; fileEncoding = 4; lastKnownFileType = sourcecode.swift; name = "UIKit+extension.swift"; path = "Helpers/UIKit+extension.swift"; sourceTree = "<group>"; };
		D090D6211F3FA3350007BDEC /* UIView+extension.swift */ = {isa = PBXFileReference; fileEncoding = 4; lastKnownFileType = sourcecode.swift; name = "UIView+extension.swift"; path = "Helpers/UIView+extension.swift"; sourceTree = "<group>"; };
		D0B257BC1F3FB90F003EEC2F /* DashboardDispatcher.swift */ = {isa = PBXFileReference; fileEncoding = 4; lastKnownFileType = sourcecode.swift; name = DashboardDispatcher.swift; path = NLive/Dispatch/DashboardDispatcher.swift; sourceTree = SOURCE_ROOT; };
		D0B257BE1F3FBB28003EEC2F /* ShowStoreService.swift */ = {isa = PBXFileReference; fileEncoding = 4; lastKnownFileType = sourcecode.swift; path = ShowStoreService.swift; sourceTree = "<group>"; };
		D0B257C01F3FBE84003EEC2F /* BroadcastStoreService.swift */ = {isa = PBXFileReference; fileEncoding = 4; lastKnownFileType = sourcecode.swift; path = BroadcastStoreService.swift; sourceTree = "<group>"; };
		D0B257C21F3FC508003EEC2F /* DashboardState.swift */ = {isa = PBXFileReference; fileEncoding = 4; lastKnownFileType = sourcecode.swift; name = DashboardState.swift; path = NLive/Dashboard/DashboardState.swift; sourceTree = SOURCE_ROOT; };
		D0B257C61F3FDEEA003EEC2F /* StreamViewController.swift */ = {isa = PBXFileReference; fileEncoding = 4; lastKnownFileType = sourcecode.swift; path = StreamViewController.swift; sourceTree = "<group>"; };
		D0B257C81F3FEEB0003EEC2F /* Stream.storyboard */ = {isa = PBXFileReference; fileEncoding = 4; lastKnownFileType = file.storyboard; path = Stream.storyboard; sourceTree = "<group>"; };
		D0B257CA1F4005D2003EEC2F /* UIFont+extension.swift */ = {isa = PBXFileReference; fileEncoding = 4; lastKnownFileType = sourcecode.swift; name = "UIFont+extension.swift"; path = "Helpers/UIFont+extension.swift"; sourceTree = "<group>"; };
		D0B257E11F40076A003EEC2F /* OpenSans-Bold.ttf */ = {isa = PBXFileReference; lastKnownFileType = file; name = "OpenSans-Bold.ttf"; path = "Fonts/OpenSans-Bold.ttf"; sourceTree = "<group>"; };
		D0B257E21F40076A003EEC2F /* OpenSans-BoldItalic.ttf */ = {isa = PBXFileReference; lastKnownFileType = file; name = "OpenSans-BoldItalic.ttf"; path = "Fonts/OpenSans-BoldItalic.ttf"; sourceTree = "<group>"; };
		D0B257E31F40076A003EEC2F /* OpenSans-ExtraBold.ttf */ = {isa = PBXFileReference; lastKnownFileType = file; name = "OpenSans-ExtraBold.ttf"; path = "Fonts/OpenSans-ExtraBold.ttf"; sourceTree = "<group>"; };
		D0B257E41F40076A003EEC2F /* OpenSans-ExtraBoldItalic.ttf */ = {isa = PBXFileReference; lastKnownFileType = file; name = "OpenSans-ExtraBoldItalic.ttf"; path = "Fonts/OpenSans-ExtraBoldItalic.ttf"; sourceTree = "<group>"; };
		D0B257E51F40076A003EEC2F /* OpenSans-Italic.ttf */ = {isa = PBXFileReference; lastKnownFileType = file; name = "OpenSans-Italic.ttf"; path = "Fonts/OpenSans-Italic.ttf"; sourceTree = "<group>"; };
		D0B257E61F40076A003EEC2F /* OpenSans-Light.ttf */ = {isa = PBXFileReference; lastKnownFileType = file; name = "OpenSans-Light.ttf"; path = "Fonts/OpenSans-Light.ttf"; sourceTree = "<group>"; };
		D0B257E71F40076A003EEC2F /* OpenSans-LightItalic.ttf */ = {isa = PBXFileReference; lastKnownFileType = file; name = "OpenSans-LightItalic.ttf"; path = "Fonts/OpenSans-LightItalic.ttf"; sourceTree = "<group>"; };
		D0B257E81F40076A003EEC2F /* OpenSans-Regular.ttf */ = {isa = PBXFileReference; lastKnownFileType = file; name = "OpenSans-Regular.ttf"; path = "Fonts/OpenSans-Regular.ttf"; sourceTree = "<group>"; };
		D0B257E91F40076A003EEC2F /* OpenSans-Semibold.ttf */ = {isa = PBXFileReference; lastKnownFileType = file; name = "OpenSans-Semibold.ttf"; path = "Fonts/OpenSans-Semibold.ttf"; sourceTree = "<group>"; };
		D0B257EA1F40076A003EEC2F /* OpenSans-SemiboldItalic.ttf */ = {isa = PBXFileReference; lastKnownFileType = file; name = "OpenSans-SemiboldItalic.ttf"; path = "Fonts/OpenSans-SemiboldItalic.ttf"; sourceTree = "<group>"; };
		D0B257F51F400D91003EEC2F /* StreamState.swift */ = {isa = PBXFileReference; fileEncoding = 4; lastKnownFileType = sourcecode.swift; path = StreamState.swift; sourceTree = "<group>"; };
		DB8C95817FDA64BE4BE42B92 /* Pods_NLiveUITests.framework */ = {isa = PBXFileReference; explicitFileType = wrapper.framework; includeInIndex = 0; path = Pods_NLiveUITests.framework; sourceTree = BUILT_PRODUCTS_DIR; };
		E0473BFFA3ACC531DC6383FF /* Pods-NLive.debug.xcconfig */ = {isa = PBXFileReference; includeInIndex = 1; lastKnownFileType = text.xcconfig; name = "Pods-NLive.debug.xcconfig"; path = "Pods/Target Support Files/Pods-NLive/Pods-NLive.debug.xcconfig"; sourceTree = "<group>"; };
/* End PBXFileReference section */

/* Begin PBXFrameworksBuildPhase section */
		4427B3D71F3F0A0A00774D0C /* Frameworks */ = {
			isa = PBXFrameworksBuildPhase;
			buildActionMask = 2147483647;
			files = (
				446A2B961F401A250067C124 /* MediaPlayer.framework in Frameworks */,
				4427B4281F3F254000774D0C /* VideoToolbox.framework in Frameworks */,
				4427B4261F3F253400774D0C /* AVFoundation.framework in Frameworks */,
				4427B4241F3F252800774D0C /* CoreMedia.framework in Frameworks */,
				4427B4221F3F250400774D0C /* libbz2.tbd in Frameworks */,
				4427B4201F3F24F800774D0C /* AudioToolbox.framework in Frameworks */,
				4427B41C1F3F24E100774D0C /* libstdc++.tbd in Frameworks */,
				4427B41A1F3F24D400774D0C /* libiconv.tbd in Frameworks */,
				4427B4181F3F24CE00774D0C /* libz.tbd in Frameworks */,
				CC4994DF3B64AC697162781F /* Pods_NLive.framework in Frameworks */,
			);
			runOnlyForDeploymentPostprocessing = 0;
		};
		4427B3EB1F3F0A0A00774D0C /* Frameworks */ = {
			isa = PBXFrameworksBuildPhase;
			buildActionMask = 2147483647;
			files = (
				F214E70C820C4DA76E65DDB6 /* Pods_NLiveTests.framework in Frameworks */,
			);
			runOnlyForDeploymentPostprocessing = 0;
		};
		4427B3F61F3F0A0A00774D0C /* Frameworks */ = {
			isa = PBXFrameworksBuildPhase;
			buildActionMask = 2147483647;
			files = (
				B1FD26D92EBDF15FD1DAC3D2 /* Pods_NLiveUITests.framework in Frameworks */,
			);
			runOnlyForDeploymentPostprocessing = 0;
		};
/* End PBXFrameworksBuildPhase section */

/* Begin PBXGroup section */
		4427B3D11F3F0A0A00774D0C = {
			isa = PBXGroup;
			children = (
				4427B3DC1F3F0A0A00774D0C /* NLive */,
				4427B3F11F3F0A0A00774D0C /* NLiveTests */,
				4427B3FC1F3F0A0A00774D0C /* NLiveUITests */,
				4427B3DB1F3F0A0A00774D0C /* Products */,
				CD8CB793608D87EEE47E3D51 /* Pods */,
				9BE0C44D06F0C29EBB9B76BA /* Frameworks */,
				4427B4131F3F244200774D0C /* NLive-Bridging-Header.h */,
			);
			sourceTree = "<group>";
		};
		4427B3DB1F3F0A0A00774D0C /* Products */ = {
			isa = PBXGroup;
			children = (
				4427B3DA1F3F0A0A00774D0C /* NLive.app */,
				4427B3EE1F3F0A0A00774D0C /* NLiveTests.xctest */,
				4427B3F91F3F0A0A00774D0C /* NLiveUITests.xctest */,
			);
			name = Products;
			sourceTree = "<group>";
		};
		4427B3DC1F3F0A0A00774D0C /* NLive */ = {
			isa = PBXGroup;
			children = (
				4427B3DD1F3F0A0A00774D0C /* AppDelegate.swift */,
				44DC17731F3FD9DD00C6B967 /* MainViewController.swift */,
				D05B4E0A1F3F984700345D7D /* App */,
				D05B4E1D1F3F9C7500345D7D /* Network */,
				44B8F7111F3F519C00729CA4 /* Store */,
				D0B257BB1F3FB88D003EEC2F /* Dashboard */,
				44B8F7101F3F4EFD00729CA4 /* Main */,
				446656A31F3FEC540044D790 /* Stream */,
				4427B3E41F3F0A0A00774D0C /* Assets.xcassets */,
				4427B3E61F3F0A0A00774D0C /* LaunchScreen.storyboard */,
				4427B3E91F3F0A0A00774D0C /* Info.plist */,
				D0B257CC1F400620003EEC2F /* Fonts */,
				D090D6151F3FA31D0007BDEC /* Helpers */,
			);
			path = NLive;
			sourceTree = "<group>";
		};
		4427B3F11F3F0A0A00774D0C /* NLiveTests */ = {
			isa = PBXGroup;
			children = (
				4427B3F21F3F0A0A00774D0C /* NLiveTests.swift */,
				4427B3F41F3F0A0A00774D0C /* Info.plist */,
			);
			path = NLiveTests;
			sourceTree = "<group>";
		};
		4427B3FC1F3F0A0A00774D0C /* NLiveUITests */ = {
			isa = PBXGroup;
			children = (
				4427B3FD1F3F0A0A00774D0C /* NLiveUITests.swift */,
				4427B3FF1F3F0A0A00774D0C /* Info.plist */,
			);
			path = NLiveUITests;
			sourceTree = "<group>";
		};
		446656A31F3FEC540044D790 /* Stream */ = {
			isa = PBXGroup;
			children = (
				D0B257F51F400D91003EEC2F /* StreamState.swift */,
				D0B257C61F3FDEEA003EEC2F /* StreamViewController.swift */,
				D0B257C81F3FEEB0003EEC2F /* Stream.storyboard */,
				446A2B931F4014710067C124 /* StreamScrollView.swift */,
			);
			path = Stream;
			sourceTree = "<group>";
		};
		44B8F70A1F3F4EDD00729CA4 /* AllShows */ = {
			isa = PBXGroup;
			children = (
				44B8F70B1F3F4EDD00729CA4 /* AllShowsDataSource.swift */,
				4439CB8D1F3F5AA300AD3190 /* AllShowCell.swift */,
			);
			path = AllShows;
			sourceTree = "<group>";
		};
		44B8F70C1F3F4EEF00729CA4 /* Last Broadcasts */ = {
			isa = PBXGroup;
			children = (
				44B8F70D1F3F4EEF00729CA4 /* LastBroadcastsDataSource.swift */,
				4439CB8B1F3F5A7C00AD3190 /* LastBroadcastCell.swift */,
			);
			path = "Last Broadcasts";
			sourceTree = "<group>";
		};
		44B8F7101F3F4EFD00729CA4 /* Main */ = {
			isa = PBXGroup;
			children = (
				44B8F70C1F3F4EEF00729CA4 /* Last Broadcasts */,
				44B8F70A1F3F4EDD00729CA4 /* AllShows */,
				44B8F70E1F3F4EF800729CA4 /* MainListViewController.swift */,
				4427B3E11F3F0A0A00774D0C /* Main.storyboard */,
			);
			path = Main;
			sourceTree = "<group>";
		};
		44B8F7111F3F519C00729CA4 /* Store */ = {
			isa = PBXGroup;
			children = (
				D0B257BE1F3FBB28003EEC2F /* ShowStoreService.swift */,
				4439CB841F3F51E900AD3190 /* ShowStoreEntities.swift */,
				D0B257C01F3FBE84003EEC2F /* BroadcastStoreService.swift */,
				4439CB891F3F520D00AD3190 /* BroadcastStoreEntities.swift */,
			);
			name = Store;
			path = Models;
			sourceTree = "<group>";
		};
		9BE0C44D06F0C29EBB9B76BA /* Frameworks */ = {
			isa = PBXGroup;
			children = (
				446A2B951F401A250067C124 /* MediaPlayer.framework */,
				4427B4271F3F254000774D0C /* VideoToolbox.framework */,
				4427B4251F3F253400774D0C /* AVFoundation.framework */,
				4427B4231F3F252800774D0C /* CoreMedia.framework */,
				4427B4211F3F250400774D0C /* libbz2.tbd */,
				4427B41F1F3F24F800774D0C /* AudioToolbox.framework */,
				4427B41D1F3F24F300774D0C /* AudioUnit.framework */,
				4427B41B1F3F24E100774D0C /* libstdc++.tbd */,
				4427B4191F3F24D400774D0C /* libiconv.tbd */,
				4427B4171F3F24CE00774D0C /* libz.tbd */,
				17F075980EDDD8B510BF34E1 /* Pods_NLive.framework */,
				50C76E2DEA12F88CAD49AD6B /* Pods_NLiveTests.framework */,
				DB8C95817FDA64BE4BE42B92 /* Pods_NLiveUITests.framework */,
			);
			name = Frameworks;
			sourceTree = "<group>";
		};
		CD8CB793608D87EEE47E3D51 /* Pods */ = {
			isa = PBXGroup;
			children = (
				E0473BFFA3ACC531DC6383FF /* Pods-NLive.debug.xcconfig */,
				199E322A1C3CFE58942135D1 /* Pods-NLive.release.xcconfig */,
				15D53AC912BDB19F883EE6C7 /* Pods-NLiveTests.debug.xcconfig */,
				5ED46AF8F19BEC7358F248DA /* Pods-NLiveTests.release.xcconfig */,
				57F3997E03886CCFBE2C5BA4 /* Pods-NLiveUITests.debug.xcconfig */,
				79198058500CCC9ED2F675C3 /* Pods-NLiveUITests.release.xcconfig */,
			);
			name = Pods;
			sourceTree = "<group>";
		};
		D05B4E0A1F3F984700345D7D /* App */ = {
			isa = PBXGroup;
			children = (
				D05B4E1B1F3F9A6B00345D7D /* Router.swift */,
				D05B4E0B1F3F990100345D7D /* Network.swift */,
				D05B4E0C1F3F990100345D7D /* Reachability.swift */,
				D05B4E0D1F3F990100345D7D /* ReachabilityService.swift */,
				D05B4E0E1F3F990100345D7D /* ReachabilityState.swift */,
				D05B4E0F1F3F990100345D7D /* State.swift */,
				D05B4E101F3F990100345D7D /* StatusBarNotificationsParamenters.swift */,
				D05B4E121F3F990100345D7D /* Styleguide.swift */,
			);
			name = App;
			sourceTree = "<group>";
		};
		D05B4E1D1F3F9C7500345D7D /* Network */ = {
			isa = PBXGroup;
			children = (
				D05B4E1E1F3F9CC400345D7D /* ShowNetworkService.swift */,
				D05B4E201F3F9E9200345D7D /* BroadcastNetworkService.swift */,
				D05B4E221F3F9F7600345D7D /* PushNetworkService.swift */,
				D090D6131F3FA11F0007BDEC /* NetworkEntities.swift */,
			);
			name = Network;
			sourceTree = "<group>";
		};
		D090D6151F3FA31D0007BDEC /* Helpers */ = {
			isa = PBXGroup;
			children = (
				D090D6161F3FA3350007BDEC /* Collection+extension.swift */,
				D090D6171F3FA3350007BDEC /* Date+extension.swift */,
				D090D6181F3FA3350007BDEC /* MVP.swift */,
				D090D6191F3FA3350007BDEC /* Number+extension.swift */,
				D090D61A1F3FA3350007BDEC /* Realm+extension.swift */,
				D090D61B1F3FA3350007BDEC /* Response+Decodable.swift */,
				D090D61C1F3FA3350007BDEC /* ReSwift+extension.swift */,
				D090D61D1F3FA3350007BDEC /* String+extension.swift */,
				D090D61F1F3FA3350007BDEC /* UIImage+extension.swift */,
				D0B257CA1F4005D2003EEC2F /* UIFont+extension.swift */,
				D090D6201F3FA3350007BDEC /* UIKit+extension.swift */,
				D090D6211F3FA3350007BDEC /* UIView+extension.swift */,
			);
			name = Helpers;
			sourceTree = "<group>";
		};
		D0B257BB1F3FB88D003EEC2F /* Dashboard */ = {
			isa = PBXGroup;
			children = (
				D0B257BC1F3FB90F003EEC2F /* DashboardDispatcher.swift */,
				D0B257C21F3FC508003EEC2F /* DashboardState.swift */,
			);
			name = Dashboard;
			path = Models;
			sourceTree = "<group>";
		};
		D0B257CC1F400620003EEC2F /* Fonts */ = {
			isa = PBXGroup;
			children = (
				D0B257E11F40076A003EEC2F /* OpenSans-Bold.ttf */,
				D0B257E21F40076A003EEC2F /* OpenSans-BoldItalic.ttf */,
				D0B257E31F40076A003EEC2F /* OpenSans-ExtraBold.ttf */,
				D0B257E41F40076A003EEC2F /* OpenSans-ExtraBoldItalic.ttf */,
				D0B257E51F40076A003EEC2F /* OpenSans-Italic.ttf */,
				D0B257E61F40076A003EEC2F /* OpenSans-Light.ttf */,
				D0B257E71F40076A003EEC2F /* OpenSans-LightItalic.ttf */,
				D0B257E81F40076A003EEC2F /* OpenSans-Regular.ttf */,
				D0B257E91F40076A003EEC2F /* OpenSans-Semibold.ttf */,
				D0B257EA1F40076A003EEC2F /* OpenSans-SemiboldItalic.ttf */,
			);
			name = Fonts;
			sourceTree = "<group>";
		};
/* End PBXGroup section */

/* Begin PBXNativeTarget section */
		4427B3D91F3F0A0A00774D0C /* NLive */ = {
			isa = PBXNativeTarget;
			buildConfigurationList = 4427B4021F3F0A0A00774D0C /* Build configuration list for PBXNativeTarget "NLive" */;
			buildPhases = (
				DF6D5D2DE8BFEEAC1173D02D /* [CP] Check Pods Manifest.lock */,
				4427B3D61F3F0A0A00774D0C /* Sources */,
				4427B3D71F3F0A0A00774D0C /* Frameworks */,
				4427B3D81F3F0A0A00774D0C /* Resources */,
				1A5C8C12EADAAFF6805D2EBB /* [CP] Embed Pods Frameworks */,
				94E951108DEDD47060996F18 /* [CP] Copy Pods Resources */,
				4427B4111F3F1E9A00774D0C /* Embed Frameworks */,
			);
			buildRules = (
			);
			dependencies = (
			);
			name = NLive;
			productName = NLive;
			productReference = 4427B3DA1F3F0A0A00774D0C /* NLive.app */;
			productType = "com.apple.product-type.application";
		};
		4427B3ED1F3F0A0A00774D0C /* NLiveTests */ = {
			isa = PBXNativeTarget;
			buildConfigurationList = 4427B4051F3F0A0A00774D0C /* Build configuration list for PBXNativeTarget "NLiveTests" */;
			buildPhases = (
				80EC7C83BB07AEF944C4E953 /* [CP] Check Pods Manifest.lock */,
				4427B3EA1F3F0A0A00774D0C /* Sources */,
				4427B3EB1F3F0A0A00774D0C /* Frameworks */,
				4427B3EC1F3F0A0A00774D0C /* Resources */,
				6B188B8EFAF57CE64A6A3919 /* [CP] Embed Pods Frameworks */,
				082354D38B2C0E9F410EC2CD /* [CP] Copy Pods Resources */,
			);
			buildRules = (
			);
			dependencies = (
				4427B3F01F3F0A0A00774D0C /* PBXTargetDependency */,
			);
			name = NLiveTests;
			productName = NLiveTests;
			productReference = 4427B3EE1F3F0A0A00774D0C /* NLiveTests.xctest */;
			productType = "com.apple.product-type.bundle.unit-test";
		};
		4427B3F81F3F0A0A00774D0C /* NLiveUITests */ = {
			isa = PBXNativeTarget;
			buildConfigurationList = 4427B4081F3F0A0A00774D0C /* Build configuration list for PBXNativeTarget "NLiveUITests" */;
			buildPhases = (
				8756D890E1974B427F5C17AD /* [CP] Check Pods Manifest.lock */,
				4427B3F51F3F0A0A00774D0C /* Sources */,
				4427B3F61F3F0A0A00774D0C /* Frameworks */,
				4427B3F71F3F0A0A00774D0C /* Resources */,
				645BB3737F48755B53B1DE13 /* [CP] Embed Pods Frameworks */,
				A2D54D8B2BE8459B9F486C28 /* [CP] Copy Pods Resources */,
			);
			buildRules = (
			);
			dependencies = (
				4427B3FB1F3F0A0A00774D0C /* PBXTargetDependency */,
			);
			name = NLiveUITests;
			productName = NLiveUITests;
			productReference = 4427B3F91F3F0A0A00774D0C /* NLiveUITests.xctest */;
			productType = "com.apple.product-type.bundle.ui-testing";
		};
/* End PBXNativeTarget section */

/* Begin PBXProject section */
		4427B3D21F3F0A0A00774D0C /* Project object */ = {
			isa = PBXProject;
			attributes = {
				LastSwiftUpdateCheck = 0830;
				LastUpgradeCheck = 0830;
				ORGANIZATIONNAME = "Eugene Antropov";
				TargetAttributes = {
					4427B3D91F3F0A0A00774D0C = {
						CreatedOnToolsVersion = 8.3.3;
						DevelopmentTeam = 6R2R3P9653;
						LastSwiftMigration = 0830;
						ProvisioningStyle = Manual;
					};
					4427B3ED1F3F0A0A00774D0C = {
						CreatedOnToolsVersion = 8.3.3;
						DevelopmentTeam = J67Y29BQR7;
						ProvisioningStyle = Automatic;
						TestTargetID = 4427B3D91F3F0A0A00774D0C;
					};
					4427B3F81F3F0A0A00774D0C = {
						CreatedOnToolsVersion = 8.3.3;
						DevelopmentTeam = J67Y29BQR7;
						ProvisioningStyle = Automatic;
						TestTargetID = 4427B3D91F3F0A0A00774D0C;
					};
				};
			};
			buildConfigurationList = 4427B3D51F3F0A0A00774D0C /* Build configuration list for PBXProject "NLive" */;
			compatibilityVersion = "Xcode 3.2";
			developmentRegion = English;
			hasScannedForEncodings = 0;
			knownRegions = (
				en,
				Base,
			);
			mainGroup = 4427B3D11F3F0A0A00774D0C;
			productRefGroup = 4427B3DB1F3F0A0A00774D0C /* Products */;
			projectDirPath = "";
			projectRoot = "";
			targets = (
				4427B3D91F3F0A0A00774D0C /* NLive */,
				4427B3ED1F3F0A0A00774D0C /* NLiveTests */,
				4427B3F81F3F0A0A00774D0C /* NLiveUITests */,
			);
		};
/* End PBXProject section */

/* Begin PBXResourcesBuildPhase section */
		4427B3D81F3F0A0A00774D0C /* Resources */ = {
			isa = PBXResourcesBuildPhase;
			buildActionMask = 2147483647;
			files = (
				D0B257EF1F40076A003EEC2F /* OpenSans-Italic.ttf in Resources */,
				D0B257EC1F40076A003EEC2F /* OpenSans-BoldItalic.ttf in Resources */,
				D0B257C91F3FEEB0003EEC2F /* Stream.storyboard in Resources */,
				D0B257F31F40076A003EEC2F /* OpenSans-Semibold.ttf in Resources */,
				D0B257ED1F40076A003EEC2F /* OpenSans-ExtraBold.ttf in Resources */,
				4427B3E81F3F0A0A00774D0C /* LaunchScreen.storyboard in Resources */,
				D0B257F11F40076A003EEC2F /* OpenSans-LightItalic.ttf in Resources */,
				4427B3E51F3F0A0A00774D0C /* Assets.xcassets in Resources */,
				D0B257EB1F40076A003EEC2F /* OpenSans-Bold.ttf in Resources */,
				4427B3E31F3F0A0A00774D0C /* Main.storyboard in Resources */,
				D0B257F41F40076A003EEC2F /* OpenSans-SemiboldItalic.ttf in Resources */,
				D0B257F01F40076A003EEC2F /* OpenSans-Light.ttf in Resources */,
				D0B257F21F40076A003EEC2F /* OpenSans-Regular.ttf in Resources */,
				D0B257EE1F40076A003EEC2F /* OpenSans-ExtraBoldItalic.ttf in Resources */,
			);
			runOnlyForDeploymentPostprocessing = 0;
		};
		4427B3EC1F3F0A0A00774D0C /* Resources */ = {
			isa = PBXResourcesBuildPhase;
			buildActionMask = 2147483647;
			files = (
			);
			runOnlyForDeploymentPostprocessing = 0;
		};
		4427B3F71F3F0A0A00774D0C /* Resources */ = {
			isa = PBXResourcesBuildPhase;
			buildActionMask = 2147483647;
			files = (
			);
			runOnlyForDeploymentPostprocessing = 0;
		};
/* End PBXResourcesBuildPhase section */

/* Begin PBXShellScriptBuildPhase section */
		082354D38B2C0E9F410EC2CD /* [CP] Copy Pods Resources */ = {
			isa = PBXShellScriptBuildPhase;
			buildActionMask = 2147483647;
			files = (
			);
			inputPaths = (
			);
			name = "[CP] Copy Pods Resources";
			outputPaths = (
			);
			runOnlyForDeploymentPostprocessing = 0;
			shellPath = /bin/sh;
			shellScript = "\"${SRCROOT}/Pods/Target Support Files/Pods-NLiveTests/Pods-NLiveTests-resources.sh\"\n";
			showEnvVarsInLog = 0;
		};
		1A5C8C12EADAAFF6805D2EBB /* [CP] Embed Pods Frameworks */ = {
			isa = PBXShellScriptBuildPhase;
			buildActionMask = 2147483647;
			files = (
			);
			inputPaths = (
				"${SRCROOT}/Pods/Target Support Files/Pods-NLive/Pods-NLive-frameworks.sh",
				"${BUILT_PRODUCTS_DIR}/Alamofire/Alamofire.framework",
				"${BUILT_PRODUCTS_DIR}/Decodable/Decodable.framework",
				"${BUILT_PRODUCTS_DIR}/Device/Device.framework",
				"${BUILT_PRODUCTS_DIR}/KMNavigationBarTransition/KMNavigationBarTransition.framework",
				"${BUILT_PRODUCTS_DIR}/Moya/Moya.framework",
				"${BUILT_PRODUCTS_DIR}/Nuke/Nuke.framework",
				"${BUILT_PRODUCTS_DIR}/PKHUD/PKHUD.framework",
				"${BUILT_PRODUCTS_DIR}/ReSwift/ReSwift.framework",
				"${BUILT_PRODUCTS_DIR}/Realm/Realm.framework",
				"${BUILT_PRODUCTS_DIR}/RealmSwift/RealmSwift.framework",
				"${BUILT_PRODUCTS_DIR}/Result/Result.framework",
				"${BUILT_PRODUCTS_DIR}/SnapKit/SnapKit.framework",
				"${BUILT_PRODUCTS_DIR}/StatusBarNotificationCenter/StatusBarNotificationCenter.framework",
				"${BUILT_PRODUCTS_DIR}/Timepiece/Timepiece.framework",
			);
			name = "[CP] Embed Pods Frameworks";
			outputPaths = (
				"${TARGET_BUILD_DIR}/${FRAMEWORKS_FOLDER_PATH}/Alamofire.framework",
				"${TARGET_BUILD_DIR}/${FRAMEWORKS_FOLDER_PATH}/Decodable.framework",
				"${TARGET_BUILD_DIR}/${FRAMEWORKS_FOLDER_PATH}/Device.framework",
				"${TARGET_BUILD_DIR}/${FRAMEWORKS_FOLDER_PATH}/KMNavigationBarTransition.framework",
				"${TARGET_BUILD_DIR}/${FRAMEWORKS_FOLDER_PATH}/Moya.framework",
				"${TARGET_BUILD_DIR}/${FRAMEWORKS_FOLDER_PATH}/Nuke.framework",
				"${TARGET_BUILD_DIR}/${FRAMEWORKS_FOLDER_PATH}/PKHUD.framework",
				"${TARGET_BUILD_DIR}/${FRAMEWORKS_FOLDER_PATH}/ReSwift.framework",
				"${TARGET_BUILD_DIR}/${FRAMEWORKS_FOLDER_PATH}/Realm.framework",
				"${TARGET_BUILD_DIR}/${FRAMEWORKS_FOLDER_PATH}/RealmSwift.framework",
				"${TARGET_BUILD_DIR}/${FRAMEWORKS_FOLDER_PATH}/Result.framework",
				"${TARGET_BUILD_DIR}/${FRAMEWORKS_FOLDER_PATH}/SnapKit.framework",
				"${TARGET_BUILD_DIR}/${FRAMEWORKS_FOLDER_PATH}/StatusBarNotificationCenter.framework",
				"${TARGET_BUILD_DIR}/${FRAMEWORKS_FOLDER_PATH}/Timepiece.framework",
			);
			runOnlyForDeploymentPostprocessing = 0;
			shellPath = /bin/sh;
			shellScript = "\"${SRCROOT}/Pods/Target Support Files/Pods-NLive/Pods-NLive-frameworks.sh\"\n";
			showEnvVarsInLog = 0;
		};
		645BB3737F48755B53B1DE13 /* [CP] Embed Pods Frameworks */ = {
			isa = PBXShellScriptBuildPhase;
			buildActionMask = 2147483647;
			files = (
			);
			inputPaths = (
			);
			name = "[CP] Embed Pods Frameworks";
			outputPaths = (
			);
			runOnlyForDeploymentPostprocessing = 0;
			shellPath = /bin/sh;
			shellScript = "\"${SRCROOT}/Pods/Target Support Files/Pods-NLiveUITests/Pods-NLiveUITests-frameworks.sh\"\n";
			showEnvVarsInLog = 0;
		};
		6B188B8EFAF57CE64A6A3919 /* [CP] Embed Pods Frameworks */ = {
			isa = PBXShellScriptBuildPhase;
			buildActionMask = 2147483647;
			files = (
			);
			inputPaths = (
			);
			name = "[CP] Embed Pods Frameworks";
			outputPaths = (
			);
			runOnlyForDeploymentPostprocessing = 0;
			shellPath = /bin/sh;
			shellScript = "\"${SRCROOT}/Pods/Target Support Files/Pods-NLiveTests/Pods-NLiveTests-frameworks.sh\"\n";
			showEnvVarsInLog = 0;
		};
		80EC7C83BB07AEF944C4E953 /* [CP] Check Pods Manifest.lock */ = {
			isa = PBXShellScriptBuildPhase;
			buildActionMask = 2147483647;
			files = (
			);
			inputPaths = (
				"${PODS_PODFILE_DIR_PATH}/Podfile.lock",
				"${PODS_ROOT}/Manifest.lock",
			);
			name = "[CP] Check Pods Manifest.lock";
			outputPaths = (
				"$(DERIVED_FILE_DIR)/Pods-NLiveTests-checkManifestLockResult.txt",
			);
			runOnlyForDeploymentPostprocessing = 0;
			shellPath = /bin/sh;
			shellScript = "diff \"${PODS_PODFILE_DIR_PATH}/Podfile.lock\" \"${PODS_ROOT}/Manifest.lock\" > /dev/null\nif [ $? != 0 ] ; then\n    # print error to STDERR\n    echo \"error: The sandbox is not in sync with the Podfile.lock. Run 'pod install' or update your CocoaPods installation.\" >&2\n    exit 1\nfi\n# This output is used by Xcode 'outputs' to avoid re-running this script phase.\necho \"SUCCESS\" > \"${SCRIPT_OUTPUT_FILE_0}\"\n";
			showEnvVarsInLog = 0;
		};
		8756D890E1974B427F5C17AD /* [CP] Check Pods Manifest.lock */ = {
			isa = PBXShellScriptBuildPhase;
			buildActionMask = 2147483647;
			files = (
			);
			inputPaths = (
				"${PODS_PODFILE_DIR_PATH}/Podfile.lock",
				"${PODS_ROOT}/Manifest.lock",
			);
			name = "[CP] Check Pods Manifest.lock";
			outputPaths = (
				"$(DERIVED_FILE_DIR)/Pods-NLiveUITests-checkManifestLockResult.txt",
			);
			runOnlyForDeploymentPostprocessing = 0;
			shellPath = /bin/sh;
			shellScript = "diff \"${PODS_PODFILE_DIR_PATH}/Podfile.lock\" \"${PODS_ROOT}/Manifest.lock\" > /dev/null\nif [ $? != 0 ] ; then\n    # print error to STDERR\n    echo \"error: The sandbox is not in sync with the Podfile.lock. Run 'pod install' or update your CocoaPods installation.\" >&2\n    exit 1\nfi\n# This output is used by Xcode 'outputs' to avoid re-running this script phase.\necho \"SUCCESS\" > \"${SCRIPT_OUTPUT_FILE_0}\"\n";
			showEnvVarsInLog = 0;
		};
		94E951108DEDD47060996F18 /* [CP] Copy Pods Resources */ = {
			isa = PBXShellScriptBuildPhase;
			buildActionMask = 2147483647;
			files = (
			);
			inputPaths = (
			);
			name = "[CP] Copy Pods Resources";
			outputPaths = (
			);
			runOnlyForDeploymentPostprocessing = 0;
			shellPath = /bin/sh;
			shellScript = "\"${SRCROOT}/Pods/Target Support Files/Pods-NLive/Pods-NLive-resources.sh\"\n";
			showEnvVarsInLog = 0;
		};
		A2D54D8B2BE8459B9F486C28 /* [CP] Copy Pods Resources */ = {
			isa = PBXShellScriptBuildPhase;
			buildActionMask = 2147483647;
			files = (
			);
			inputPaths = (
			);
			name = "[CP] Copy Pods Resources";
			outputPaths = (
			);
			runOnlyForDeploymentPostprocessing = 0;
			shellPath = /bin/sh;
			shellScript = "\"${SRCROOT}/Pods/Target Support Files/Pods-NLiveUITests/Pods-NLiveUITests-resources.sh\"\n";
			showEnvVarsInLog = 0;
		};
		DF6D5D2DE8BFEEAC1173D02D /* [CP] Check Pods Manifest.lock */ = {
			isa = PBXShellScriptBuildPhase;
			buildActionMask = 2147483647;
			files = (
			);
			inputPaths = (
				"${PODS_PODFILE_DIR_PATH}/Podfile.lock",
				"${PODS_ROOT}/Manifest.lock",
			);
			name = "[CP] Check Pods Manifest.lock";
			outputPaths = (
				"$(DERIVED_FILE_DIR)/Pods-NLive-checkManifestLockResult.txt",
			);
			runOnlyForDeploymentPostprocessing = 0;
			shellPath = /bin/sh;
			shellScript = "diff \"${PODS_PODFILE_DIR_PATH}/Podfile.lock\" \"${PODS_ROOT}/Manifest.lock\" > /dev/null\nif [ $? != 0 ] ; then\n    # print error to STDERR\n    echo \"error: The sandbox is not in sync with the Podfile.lock. Run 'pod install' or update your CocoaPods installation.\" >&2\n    exit 1\nfi\n# This output is used by Xcode 'outputs' to avoid re-running this script phase.\necho \"SUCCESS\" > \"${SCRIPT_OUTPUT_FILE_0}\"\n";
			showEnvVarsInLog = 0;
		};
/* End PBXShellScriptBuildPhase section */

/* Begin PBXSourcesBuildPhase section */
		4427B3D61F3F0A0A00774D0C /* Sources */ = {
			isa = PBXSourcesBuildPhase;
			buildActionMask = 2147483647;
			files = (
				D05B4E151F3F990100345D7D /* ReachabilityService.swift in Sources */,
				D090D6221F3FA3350007BDEC /* Collection+extension.swift in Sources */,
				4439CB8C1F3F5A7C00AD3190 /* LastBroadcastCell.swift in Sources */,
				44B8F70F1F3F4EF800729CA4 /* MainListViewController.swift in Sources */,
				D090D6261F3FA3350007BDEC /* Realm+extension.swift in Sources */,
				D0B257BF1F3FBB28003EEC2F /* ShowStoreService.swift in Sources */,
				D0B257F61F400D91003EEC2F /* StreamState.swift in Sources */,
				D05B4E131F3F990100345D7D /* Network.swift in Sources */,
				D0B257B91F3FB382003EEC2F /* ShowStoreEntities.swift in Sources */,
				4439CB8F1F3F5FA600AD3190 /* LastBroadcastsDataSource.swift in Sources */,
				D0B257C71F3FDEEA003EEC2F /* StreamViewController.swift in Sources */,
				D05B4E1F1F3F9CC400345D7D /* ShowNetworkService.swift in Sources */,
				D090D6281F3FA3350007BDEC /* ReSwift+extension.swift in Sources */,
				D090D6231F3FA3350007BDEC /* Date+extension.swift in Sources */,
				4439CB901F3F5FA800AD3190 /* AllShowsDataSource.swift in Sources */,
				44DC17741F3FD9DD00C6B967 /* MainViewController.swift in Sources */,
				D090D6141F3FA11F0007BDEC /* NetworkEntities.swift in Sources */,
				D0B257CB1F4005D2003EEC2F /* UIFont+extension.swift in Sources */,
				D090D6291F3FA3350007BDEC /* String+extension.swift in Sources */,
				D05B4E141F3F990100345D7D /* Reachability.swift in Sources */,
				D090D62B1F3FA3350007BDEC /* UIImage+extension.swift in Sources */,
				D05B4E1C1F3F9A6B00345D7D /* Router.swift in Sources */,
				D090D62D1F3FA3350007BDEC /* UIView+extension.swift in Sources */,
				D05B4E211F3F9E9200345D7D /* BroadcastNetworkService.swift in Sources */,
				D090D6241F3FA3350007BDEC /* MVP.swift in Sources */,
				D0B257BD1F3FB90F003EEC2F /* DashboardDispatcher.swift in Sources */,
				D05B4E181F3F990100345D7D /* StatusBarNotificationsParamenters.swift in Sources */,
				D05B4E231F3F9F7600345D7D /* PushNetworkService.swift in Sources */,
				D0B257C31F3FC508003EEC2F /* DashboardState.swift in Sources */,
				4439CB8E1F3F5AA300AD3190 /* AllShowCell.swift in Sources */,
				D090D62C1F3FA3350007BDEC /* UIKit+extension.swift in Sources */,
				D090D6251F3FA3350007BDEC /* Number+extension.swift in Sources */,
				4427B3DE1F3F0A0A00774D0C /* AppDelegate.swift in Sources */,
				D05B4E161F3F990100345D7D /* ReachabilityState.swift in Sources */,
				D05B4E171F3F990100345D7D /* State.swift in Sources */,
				D0B257BA1F3FB387003EEC2F /* BroadcastStoreEntities.swift in Sources */,
				D090D6271F3FA3350007BDEC /* Response+Decodable.swift in Sources */,
				D05B4E1A1F3F990100345D7D /* Styleguide.swift in Sources */,
				D0B257C11F3FBE84003EEC2F /* BroadcastStoreService.swift in Sources */,
				446A2B941F4014710067C124 /* StreamScrollView.swift in Sources */,
			);
			runOnlyForDeploymentPostprocessing = 0;
		};
		4427B3EA1F3F0A0A00774D0C /* Sources */ = {
			isa = PBXSourcesBuildPhase;
			buildActionMask = 2147483647;
			files = (
				4427B3F31F3F0A0A00774D0C /* NLiveTests.swift in Sources */,
			);
			runOnlyForDeploymentPostprocessing = 0;
		};
		4427B3F51F3F0A0A00774D0C /* Sources */ = {
			isa = PBXSourcesBuildPhase;
			buildActionMask = 2147483647;
			files = (
				4427B3FE1F3F0A0A00774D0C /* NLiveUITests.swift in Sources */,
			);
			runOnlyForDeploymentPostprocessing = 0;
		};
/* End PBXSourcesBuildPhase section */

/* Begin PBXTargetDependency section */
		4427B3F01F3F0A0A00774D0C /* PBXTargetDependency */ = {
			isa = PBXTargetDependency;
			target = 4427B3D91F3F0A0A00774D0C /* NLive */;
			targetProxy = 4427B3EF1F3F0A0A00774D0C /* PBXContainerItemProxy */;
		};
		4427B3FB1F3F0A0A00774D0C /* PBXTargetDependency */ = {
			isa = PBXTargetDependency;
			target = 4427B3D91F3F0A0A00774D0C /* NLive */;
			targetProxy = 4427B3FA1F3F0A0A00774D0C /* PBXContainerItemProxy */;
		};
/* End PBXTargetDependency section */

/* Begin PBXVariantGroup section */
		4427B3E11F3F0A0A00774D0C /* Main.storyboard */ = {
			isa = PBXVariantGroup;
			children = (
				4427B3E21F3F0A0A00774D0C /* Base */,
			);
			name = Main.storyboard;
			path = ..;
			sourceTree = "<group>";
		};
		4427B3E61F3F0A0A00774D0C /* LaunchScreen.storyboard */ = {
			isa = PBXVariantGroup;
			children = (
				4427B3E71F3F0A0A00774D0C /* Base */,
			);
			name = LaunchScreen.storyboard;
			sourceTree = "<group>";
		};
/* End PBXVariantGroup section */

/* Begin XCBuildConfiguration section */
		4427B4001F3F0A0A00774D0C /* Debug */ = {
			isa = XCBuildConfiguration;
			buildSettings = {
				ALWAYS_SEARCH_USER_PATHS = NO;
				CLANG_ANALYZER_NONNULL = YES;
				CLANG_ANALYZER_NUMBER_OBJECT_CONVERSION = YES_AGGRESSIVE;
				CLANG_CXX_LANGUAGE_STANDARD = "gnu++0x";
				CLANG_CXX_LIBRARY = "libc++";
				CLANG_ENABLE_MODULES = YES;
				CLANG_ENABLE_OBJC_ARC = YES;
				CLANG_WARN_BOOL_CONVERSION = YES;
				CLANG_WARN_CONSTANT_CONVERSION = YES;
				CLANG_WARN_DIRECT_OBJC_ISA_USAGE = YES_ERROR;
				CLANG_WARN_DOCUMENTATION_COMMENTS = YES;
				CLANG_WARN_EMPTY_BODY = YES;
				CLANG_WARN_ENUM_CONVERSION = YES;
				CLANG_WARN_INFINITE_RECURSION = YES;
				CLANG_WARN_INT_CONVERSION = YES;
				CLANG_WARN_OBJC_ROOT_CLASS = YES_ERROR;
				CLANG_WARN_SUSPICIOUS_MOVE = YES;
				CLANG_WARN_UNREACHABLE_CODE = YES;
				CLANG_WARN__DUPLICATE_METHOD_MATCH = YES;
				"CODE_SIGN_IDENTITY[sdk=iphoneos*]" = "iPhone Developer";
				COPY_PHASE_STRIP = NO;
				DEBUG_INFORMATION_FORMAT = dwarf;
				ENABLE_STRICT_OBJC_MSGSEND = YES;
				ENABLE_TESTABILITY = YES;
				GCC_C_LANGUAGE_STANDARD = gnu99;
				GCC_DYNAMIC_NO_PIC = NO;
				GCC_NO_COMMON_BLOCKS = YES;
				GCC_OPTIMIZATION_LEVEL = 0;
				GCC_PREPROCESSOR_DEFINITIONS = (
					"DEBUG=1",
					"$(inherited)",
				);
				GCC_WARN_64_TO_32_BIT_CONVERSION = YES;
				GCC_WARN_ABOUT_RETURN_TYPE = YES_ERROR;
				GCC_WARN_UNDECLARED_SELECTOR = YES;
				GCC_WARN_UNINITIALIZED_AUTOS = YES_AGGRESSIVE;
				GCC_WARN_UNUSED_FUNCTION = YES;
				GCC_WARN_UNUSED_VARIABLE = YES;
				IPHONEOS_DEPLOYMENT_TARGET = 10.3;
				MTL_ENABLE_DEBUG_INFO = YES;
				ONLY_ACTIVE_ARCH = YES;
				SDKROOT = iphoneos;
				SWIFT_ACTIVE_COMPILATION_CONDITIONS = DEBUG;
				SWIFT_OPTIMIZATION_LEVEL = "-Onone";
				TARGETED_DEVICE_FAMILY = "1,2";
			};
			name = Debug;
		};
		4427B4011F3F0A0A00774D0C /* Release */ = {
			isa = XCBuildConfiguration;
			buildSettings = {
				ALWAYS_SEARCH_USER_PATHS = NO;
				CLANG_ANALYZER_NONNULL = YES;
				CLANG_ANALYZER_NUMBER_OBJECT_CONVERSION = YES_AGGRESSIVE;
				CLANG_CXX_LANGUAGE_STANDARD = "gnu++0x";
				CLANG_CXX_LIBRARY = "libc++";
				CLANG_ENABLE_MODULES = YES;
				CLANG_ENABLE_OBJC_ARC = YES;
				CLANG_WARN_BOOL_CONVERSION = YES;
				CLANG_WARN_CONSTANT_CONVERSION = YES;
				CLANG_WARN_DIRECT_OBJC_ISA_USAGE = YES_ERROR;
				CLANG_WARN_DOCUMENTATION_COMMENTS = YES;
				CLANG_WARN_EMPTY_BODY = YES;
				CLANG_WARN_ENUM_CONVERSION = YES;
				CLANG_WARN_INFINITE_RECURSION = YES;
				CLANG_WARN_INT_CONVERSION = YES;
				CLANG_WARN_OBJC_ROOT_CLASS = YES_ERROR;
				CLANG_WARN_SUSPICIOUS_MOVE = YES;
				CLANG_WARN_UNREACHABLE_CODE = YES;
				CLANG_WARN__DUPLICATE_METHOD_MATCH = YES;
				"CODE_SIGN_IDENTITY[sdk=iphoneos*]" = "iPhone Developer";
				COPY_PHASE_STRIP = NO;
				DEBUG_INFORMATION_FORMAT = "dwarf-with-dsym";
				ENABLE_NS_ASSERTIONS = NO;
				ENABLE_STRICT_OBJC_MSGSEND = YES;
				GCC_C_LANGUAGE_STANDARD = gnu99;
				GCC_NO_COMMON_BLOCKS = YES;
				GCC_WARN_64_TO_32_BIT_CONVERSION = YES;
				GCC_WARN_ABOUT_RETURN_TYPE = YES_ERROR;
				GCC_WARN_UNDECLARED_SELECTOR = YES;
				GCC_WARN_UNINITIALIZED_AUTOS = YES_AGGRESSIVE;
				GCC_WARN_UNUSED_FUNCTION = YES;
				GCC_WARN_UNUSED_VARIABLE = YES;
				IPHONEOS_DEPLOYMENT_TARGET = 10.3;
				MTL_ENABLE_DEBUG_INFO = NO;
				SDKROOT = iphoneos;
				SWIFT_OPTIMIZATION_LEVEL = "-Owholemodule";
				TARGETED_DEVICE_FAMILY = "1,2";
				VALIDATE_PRODUCT = YES;
			};
			name = Release;
		};
		4427B4031F3F0A0A00774D0C /* Debug */ = {
			isa = XCBuildConfiguration;
			baseConfigurationReference = E0473BFFA3ACC531DC6383FF /* Pods-NLive.debug.xcconfig */;
			buildSettings = {
				ASSETCATALOG_COMPILER_APPICON_NAME = AppIcon;
				CLANG_ENABLE_MODULES = YES;
				DEVELOPMENT_TEAM = 6R2R3P9653;
				ENABLE_BITCODE = NO;
				FRAMEWORK_SEARCH_PATHS = (
					"$(inherited)",
					"$(PROJECT_DIR)",
				);
				INFOPLIST_FILE = NLive/Info.plist;
				LD_RUNPATH_SEARCH_PATHS = "$(inherited) @executable_path/Frameworks";
				PRODUCT_BUNDLE_IDENTIFIER = it.eantropov.nlive;
				PRODUCT_NAME = "$(TARGET_NAME)";
				PROVISIONING_PROFILE = "ab6e42cc-b88b-4716-8650-552eb787dd41";
				PROVISIONING_PROFILE_SPECIFIER = it.eantropov.nlive;
				SWIFT_OBJC_BRIDGING_HEADER = "NLive-Bridging-Header.h";
				SWIFT_OPTIMIZATION_LEVEL = "-Onone";
				SWIFT_VERSION = 3.0;
			};
			name = Debug;
		};
		4427B4041F3F0A0A00774D0C /* Release */ = {
			isa = XCBuildConfiguration;
			baseConfigurationReference = 199E322A1C3CFE58942135D1 /* Pods-NLive.release.xcconfig */;
			buildSettings = {
				ASSETCATALOG_COMPILER_APPICON_NAME = AppIcon;
				CLANG_ENABLE_MODULES = YES;
				DEVELOPMENT_TEAM = 6R2R3P9653;
				ENABLE_BITCODE = NO;
				FRAMEWORK_SEARCH_PATHS = (
					"$(inherited)",
					"$(PROJECT_DIR)",
				);
				INFOPLIST_FILE = NLive/Info.plist;
				LD_RUNPATH_SEARCH_PATHS = "$(inherited) @executable_path/Frameworks";
				PRODUCT_BUNDLE_IDENTIFIER = it.eantropov.nlive;
				PRODUCT_NAME = "$(TARGET_NAME)";
				PROVISIONING_PROFILE = "ab6e42cc-b88b-4716-8650-552eb787dd41";
				PROVISIONING_PROFILE_SPECIFIER = it.eantropov.nlive;
				SWIFT_OBJC_BRIDGING_HEADER = "NLive-Bridging-Header.h";
				SWIFT_VERSION = 3.0;
			};
			name = Release;
		};
		4427B4061F3F0A0A00774D0C /* Debug */ = {
			isa = XCBuildConfiguration;
			baseConfigurationReference = 15D53AC912BDB19F883EE6C7 /* Pods-NLiveTests.debug.xcconfig */;
			buildSettings = {
				ALWAYS_EMBED_SWIFT_STANDARD_LIBRARIES = YES;
				BUNDLE_LOADER = "$(TEST_HOST)";
				DEVELOPMENT_TEAM = J67Y29BQR7;
				INFOPLIST_FILE = NLiveTests/Info.plist;
				LD_RUNPATH_SEARCH_PATHS = "$(inherited) @executable_path/Frameworks @loader_path/Frameworks";
				PRODUCT_BUNDLE_IDENTIFIER = it.eantropov.NLiveTests;
				PRODUCT_NAME = "$(TARGET_NAME)";
				SWIFT_VERSION = 3.0;
				TEST_HOST = "$(BUILT_PRODUCTS_DIR)/NLive.app/NLive";
			};
			name = Debug;
		};
		4427B4071F3F0A0A00774D0C /* Release */ = {
			isa = XCBuildConfiguration;
			baseConfigurationReference = 5ED46AF8F19BEC7358F248DA /* Pods-NLiveTests.release.xcconfig */;
			buildSettings = {
				ALWAYS_EMBED_SWIFT_STANDARD_LIBRARIES = YES;
				BUNDLE_LOADER = "$(TEST_HOST)";
				DEVELOPMENT_TEAM = J67Y29BQR7;
				INFOPLIST_FILE = NLiveTests/Info.plist;
				LD_RUNPATH_SEARCH_PATHS = "$(inherited) @executable_path/Frameworks @loader_path/Frameworks";
				PRODUCT_BUNDLE_IDENTIFIER = it.eantropov.NLiveTests;
				PRODUCT_NAME = "$(TARGET_NAME)";
				SWIFT_VERSION = 3.0;
				TEST_HOST = "$(BUILT_PRODUCTS_DIR)/NLive.app/NLive";
			};
			name = Release;
		};
		4427B4091F3F0A0A00774D0C /* Debug */ = {
			isa = XCBuildConfiguration;
			baseConfigurationReference = 57F3997E03886CCFBE2C5BA4 /* Pods-NLiveUITests.debug.xcconfig */;
			buildSettings = {
				ALWAYS_EMBED_SWIFT_STANDARD_LIBRARIES = YES;
				DEVELOPMENT_TEAM = J67Y29BQR7;
				INFOPLIST_FILE = NLiveUITests/Info.plist;
				LD_RUNPATH_SEARCH_PATHS = "$(inherited) @executable_path/Frameworks @loader_path/Frameworks";
				PRODUCT_BUNDLE_IDENTIFIER = it.eantropov.NLiveUITests;
				PRODUCT_NAME = "$(TARGET_NAME)";
				SWIFT_VERSION = 3.0;
				TEST_TARGET_NAME = NLive;
			};
			name = Debug;
		};
		4427B40A1F3F0A0A00774D0C /* Release */ = {
			isa = XCBuildConfiguration;
			baseConfigurationReference = 79198058500CCC9ED2F675C3 /* Pods-NLiveUITests.release.xcconfig */;
			buildSettings = {
				ALWAYS_EMBED_SWIFT_STANDARD_LIBRARIES = YES;
				DEVELOPMENT_TEAM = J67Y29BQR7;
				INFOPLIST_FILE = NLiveUITests/Info.plist;
				LD_RUNPATH_SEARCH_PATHS = "$(inherited) @executable_path/Frameworks @loader_path/Frameworks";
				PRODUCT_BUNDLE_IDENTIFIER = it.eantropov.NLiveUITests;
				PRODUCT_NAME = "$(TARGET_NAME)";
				SWIFT_VERSION = 3.0;
				TEST_TARGET_NAME = NLive;
			};
			name = Release;
		};
/* End XCBuildConfiguration section */

/* Begin XCConfigurationList section */
		4427B3D51F3F0A0A00774D0C /* Build configuration list for PBXProject "NLive" */ = {
			isa = XCConfigurationList;
			buildConfigurations = (
				4427B4001F3F0A0A00774D0C /* Debug */,
				4427B4011F3F0A0A00774D0C /* Release */,
			);
			defaultConfigurationIsVisible = 0;
			defaultConfigurationName = Release;
		};
		4427B4021F3F0A0A00774D0C /* Build configuration list for PBXNativeTarget "NLive" */ = {
			isa = XCConfigurationList;
			buildConfigurations = (
				4427B4031F3F0A0A00774D0C /* Debug */,
				4427B4041F3F0A0A00774D0C /* Release */,
			);
			defaultConfigurationIsVisible = 0;
			defaultConfigurationName = Release;
		};
		4427B4051F3F0A0A00774D0C /* Build configuration list for PBXNativeTarget "NLiveTests" */ = {
			isa = XCConfigurationList;
			buildConfigurations = (
				4427B4061F3F0A0A00774D0C /* Debug */,
				4427B4071F3F0A0A00774D0C /* Release */,
			);
			defaultConfigurationIsVisible = 0;
			defaultConfigurationName = Release;
		};
		4427B4081F3F0A0A00774D0C /* Build configuration list for PBXNativeTarget "NLiveUITests" */ = {
			isa = XCConfigurationList;
			buildConfigurations = (
				4427B4091F3F0A0A00774D0C /* Debug */,
				4427B40A1F3F0A0A00774D0C /* Release */,
			);
			defaultConfigurationIsVisible = 0;
			defaultConfigurationName = Release;
		};
/* End XCConfigurationList section */
	};
	rootObject = 4427B3D21F3F0A0A00774D0C /* Project object */;
}
