// !$*UTF8*$!
{
	archiveVersion = 1;
	classes = {
	};
	objectVersion = 46;
	objects = {

/* Begin PBXBuildFile section */
		4427B3DE1F3F0A0A00774D0C /* AppDelegate.swift in Sources */ = {isa = PBXBuildFile; fileRef = 4427B3DD1F3F0A0A00774D0C /* AppDelegate.swift */; };
		4427B3E01F3F0A0A00774D0C /* ViewController.swift in Sources */ = {isa = PBXBuildFile; fileRef = 4427B3DF1F3F0A0A00774D0C /* ViewController.swift */; };
		4427B3E31F3F0A0A00774D0C /* Main.storyboard in Resources */ = {isa = PBXBuildFile; fileRef = 4427B3E11F3F0A0A00774D0C /* Main.storyboard */; };
		4427B3E51F3F0A0A00774D0C /* Assets.xcassets in Resources */ = {isa = PBXBuildFile; fileRef = 4427B3E41F3F0A0A00774D0C /* Assets.xcassets */; };
		4427B3E81F3F0A0A00774D0C /* LaunchScreen.storyboard in Resources */ = {isa = PBXBuildFile; fileRef = 4427B3E61F3F0A0A00774D0C /* LaunchScreen.storyboard */; };
		4427B3F31F3F0A0A00774D0C /* NLiveTests.swift in Sources */ = {isa = PBXBuildFile; fileRef = 4427B3F21F3F0A0A00774D0C /* NLiveTests.swift */; };
		4427B3FE1F3F0A0A00774D0C /* NLiveUITests.swift in Sources */ = {isa = PBXBuildFile; fileRef = 4427B3FD1F3F0A0A00774D0C /* NLiveUITests.swift */; };
/* End PBXBuildFile section */

/* Begin PBXContainerItemProxy section */
		4427B3EF1F3F0A0A00774D0C /* PBXContainerItemProxy */ = {
			isa = PBXContainerItemProxy;
			containerPortal = 4427B3D21F3F0A0A00774D0C /* Project object */;
			proxyType = 1;
			remoteGlobalIDString = 4427B3D91F3F0A0A00774D0C;
			remoteInfo = NLive;
		};
		4427B3FA1F3F0A0A00774D0C /* PBXContainerItemProxy */ = {
			isa = PBXContainerItemProxy;
			containerPortal = 4427B3D21F3F0A0A00774D0C /* Project object */;
			proxyType = 1;
			remoteGlobalIDString = 4427B3D91F3F0A0A00774D0C;
			remoteInfo = NLive;
		};
/* End PBXContainerItemProxy section */

/* Begin PBXFileReference section */
		4427B3DA1F3F0A0A00774D0C /* NLive.app */ = {isa = PBXFileReference; explicitFileType = wrapper.application; includeInIndex = 0; path = NLive.app; sourceTree = BUILT_PRODUCTS_DIR; };
		4427B3DD1F3F0A0A00774D0C /* AppDelegate.swift */ = {isa = PBXFileReference; lastKnownFileType = sourcecode.swift; path = AppDelegate.swift; sourceTree = "<group>"; };
		4427B3DF1F3F0A0A00774D0C /* ViewController.swift */ = {isa = PBXFileReference; lastKnownFileType = sourcecode.swift; path = ViewController.swift; sourceTree = "<group>"; };
		4427B3E21F3F0A0A00774D0C /* Base */ = {isa = PBXFileReference; lastKnownFileType = file.storyboard; name = Base; path = Base.lproj/Main.storyboard; sourceTree = "<group>"; };
		4427B3E41F3F0A0A00774D0C /* Assets.xcassets */ = {isa = PBXFileReference; lastKnownFileType = folder.assetcatalog; path = Assets.xcassets; sourceTree = "<group>"; };
		4427B3E71F3F0A0A00774D0C /* Base */ = {isa = PBXFileReference; lastKnownFileType = file.storyboard; name = Base; path = Base.lproj/LaunchScreen.storyboard; sourceTree = "<group>"; };
		4427B3E91F3F0A0A00774D0C /* Info.plist */ = {isa = PBXFileReference; lastKnownFileType = text.plist.xml; path = Info.plist; sourceTree = "<group>"; };
		4427B3EE1F3F0A0A00774D0C /* NLiveTests.xctest */ = {isa = PBXFileReference; explicitFileType = wrapper.cfbundle; includeInIndex = 0; path = NLiveTests.xctest; sourceTree = BUILT_PRODUCTS_DIR; };
		4427B3F21F3F0A0A00774D0C /* NLiveTests.swift */ = {isa = PBXFileReference; lastKnownFileType = sourcecode.swift; path = NLiveTests.swift; sourceTree = "<group>"; };
		4427B3F41F3F0A0A00774D0C /* Info.plist */ = {isa = PBXFileReference; lastKnownFileType = text.plist.xml; path = Info.plist; sourceTree = "<group>"; };
		4427B3F91F3F0A0A00774D0C /* NLiveUITests.xctest */ = {isa = PBXFileReference; explicitFileType = wrapper.cfbundle; includeInIndex = 0; path = NLiveUITests.xctest; sourceTree = BUILT_PRODUCTS_DIR; };
		4427B3FD1F3F0A0A00774D0C /* NLiveUITests.swift */ = {isa = PBXFileReference; lastKnownFileType = sourcecode.swift; path = NLiveUITests.swift; sourceTree = "<group>"; };
		4427B3FF1F3F0A0A00774D0C /* Info.plist */ = {isa = PBXFileReference; lastKnownFileType = text.plist.xml; path = Info.plist; sourceTree = "<group>"; };
/* End PBXFileReference section */

/* Begin PBXFrameworksBuildPhase section */
		4427B3D71F3F0A0A00774D0C /* Frameworks */ = {
			isa = PBXFrameworksBuildPhase;
			buildActionMask = 2147483647;
			files = (
			);
			runOnlyForDeploymentPostprocessing = 0;
		};
		4427B3EB1F3F0A0A00774D0C /* Frameworks */ = {
			isa = PBXFrameworksBuildPhase;
			buildActionMask = 2147483647;
			files = (
			);
			runOnlyForDeploymentPostprocessing = 0;
		};
		4427B3F61F3F0A0A00774D0C /* Frameworks */ = {
			isa = PBXFrameworksBuildPhase;
			buildActionMask = 2147483647;
			files = (
			);
			runOnlyForDeploymentPostprocessing = 0;
		};
/* End PBXFrameworksBuildPhase section */

/* Begin PBXGroup section */
		4427B3D11F3F0A0A00774D0C = {
			isa = PBXGroup;
			children = (
				4427B3DC1F3F0A0A00774D0C /* NLive */,
				4427B3F11F3F0A0A00774D0C /* NLiveTests */,
				4427B3FC1F3F0A0A00774D0C /* NLiveUITests */,
				4427B3DB1F3F0A0A00774D0C /* Products */,
			);
			sourceTree = "<group>";
		};
		4427B3DB1F3F0A0A00774D0C /* Products */ = {
			isa = PBXGroup;
			children = (
				4427B3DA1F3F0A0A00774D0C /* NLive.app */,
				4427B3EE1F3F0A0A00774D0C /* NLiveTests.xctest */,
				4427B3F91F3F0A0A00774D0C /* NLiveUITests.xctest */,
			);
			name = Products;
			sourceTree = "<group>";
		};
		4427B3DC1F3F0A0A00774D0C /* NLive */ = {
			isa = PBXGroup;
			children = (
				4427B3DD1F3F0A0A00774D0C /* AppDelegate.swift */,
				4427B3DF1F3F0A0A00774D0C /* ViewController.swift */,
				4427B3E11F3F0A0A00774D0C /* Main.storyboard */,
				4427B3E41F3F0A0A00774D0C /* Assets.xcassets */,
				4427B3E61F3F0A0A00774D0C /* LaunchScreen.storyboard */,
				4427B3E91F3F0A0A00774D0C /* Info.plist */,
			);
			path = NLive;
			sourceTree = "<group>";
		};
		4427B3F11F3F0A0A00774D0C /* NLiveTests */ = {
			isa = PBXGroup;
			children = (
				4427B3F21F3F0A0A00774D0C /* NLiveTests.swift */,
				4427B3F41F3F0A0A00774D0C /* Info.plist */,
			);
			path = NLiveTests;
			sourceTree = "<group>";
		};
		4427B3FC1F3F0A0A00774D0C /* NLiveUITests */ = {
			isa = PBXGroup;
			children = (
				4427B3FD1F3F0A0A00774D0C /* NLiveUITests.swift */,
				4427B3FF1F3F0A0A00774D0C /* Info.plist */,
			);
			path = NLiveUITests;
			sourceTree = "<group>";
		};
/* End PBXGroup section */

/* Begin PBXNativeTarget section */
		4427B3D91F3F0A0A00774D0C /* NLive */ = {
			isa = PBXNativeTarget;
			buildConfigurationList = 4427B4021F3F0A0A00774D0C /* Build configuration list for PBXNativeTarget "NLive" */;
			buildPhases = (
				4427B3D61F3F0A0A00774D0C /* Sources */,
				4427B3D71F3F0A0A00774D0C /* Frameworks */,
				4427B3D81F3F0A0A00774D0C /* Resources */,
			);
			buildRules = (
			);
			dependencies = (
			);
			name = NLive;
			productName = NLive;
			productReference = 4427B3DA1F3F0A0A00774D0C /* NLive.app */;
			productType = "com.apple.product-type.application";
		};
		4427B3ED1F3F0A0A00774D0C /* NLiveTests */ = {
			isa = PBXNativeTarget;
			buildConfigurationList = 4427B4051F3F0A0A00774D0C /* Build configuration list for PBXNativeTarget "NLiveTests" */;
			buildPhases = (
				4427B3EA1F3F0A0A00774D0C /* Sources */,
				4427B3EB1F3F0A0A00774D0C /* Frameworks */,
				4427B3EC1F3F0A0A00774D0C /* Resources */,
			);
			buildRules = (
			);
			dependencies = (
				4427B3F01F3F0A0A00774D0C /* PBXTargetDependency */,
			);
			name = NLiveTests;
			productName = NLiveTests;
			productReference = 4427B3EE1F3F0A0A00774D0C /* NLiveTests.xctest */;
			productType = "com.apple.product-type.bundle.unit-test";
		};
		4427B3F81F3F0A0A00774D0C /* NLiveUITests */ = {
			isa = PBXNativeTarget;
			buildConfigurationList = 4427B4081F3F0A0A00774D0C /* Build configuration list for PBXNativeTarget "NLiveUITests" */;
			buildPhases = (
				4427B3F51F3F0A0A00774D0C /* Sources */,
				4427B3F61F3F0A0A00774D0C /* Frameworks */,
				4427B3F71F3F0A0A00774D0C /* Resources */,
			);
			buildRules = (
			);
			dependencies = (
				4427B3FB1F3F0A0A00774D0C /* PBXTargetDependency */,
			);
			name = NLiveUITests;
			productName = NLiveUITests;
			productReference = 4427B3F91F3F0A0A00774D0C /* NLiveUITests.xctest */;
			productType = "com.apple.product-type.bundle.ui-testing";
		};
/* End PBXNativeTarget section */

/* Begin PBXProject section */
		4427B3D21F3F0A0A00774D0C /* Project object */ = {
			isa = PBXProject;
			attributes = {
				LastSwiftUpdateCheck = 0830;
				LastUpgradeCheck = 0830;
				ORGANIZATIONNAME = "Eugene Antropov";
				TargetAttributes = {
					4427B3D91F3F0A0A00774D0C = {
						CreatedOnToolsVersion = 8.3.3;
						DevelopmentTeam = J67Y29BQR7;
						ProvisioningStyle = Automatic;
					};
					4427B3ED1F3F0A0A00774D0C = {
						CreatedOnToolsVersion = 8.3.3;
						DevelopmentTeam = J67Y29BQR7;
						ProvisioningStyle = Automatic;
						TestTargetID = 4427B3D91F3F0A0A00774D0C;
					};
					4427B3F81F3F0A0A00774D0C = {
						CreatedOnToolsVersion = 8.3.3;
						DevelopmentTeam = J67Y29BQR7;
						ProvisioningStyle = Automatic;
						TestTargetID = 4427B3D91F3F0A0A00774D0C;
					};
				};
			};
			buildConfigurationList = 4427B3D51F3F0A0A00774D0C /* Build configuration list for PBXProject "NLive" */;
			compatibilityVersion = "Xcode 3.2";
			developmentRegion = English;
			hasScannedForEncodings = 0;
			knownRegions = (
				en,
				Base,
			);
			mainGroup = 4427B3D11F3F0A0A00774D0C;
			productRefGroup = 4427B3DB1F3F0A0A00774D0C /* Products */;
			projectDirPath = "";
			projectRoot = "";
			targets = (
				4427B3D91F3F0A0A00774D0C /* NLive */,
				4427B3ED1F3F0A0A00774D0C /* NLiveTests */,
				4427B3F81F3F0A0A00774D0C /* NLiveUITests */,
			);
		};
/* End PBXProject section */

/* Begin PBXResourcesBuildPhase section */
		4427B3D81F3F0A0A00774D0C /* Resources */ = {
			isa = PBXResourcesBuildPhase;
			buildActionMask = 2147483647;
			files = (
				4427B3E81F3F0A0A00774D0C /* LaunchScreen.storyboard in Resources */,
				4427B3E51F3F0A0A00774D0C /* Assets.xcassets in Resources */,
				4427B3E31F3F0A0A00774D0C /* Main.storyboard in Resources */,
			);
			runOnlyForDeploymentPostprocessing = 0;
		};
		4427B3EC1F3F0A0A00774D0C /* Resources */ = {
			isa = PBXResourcesBuildPhase;
			buildActionMask = 2147483647;
			files = (
			);
			runOnlyForDeploymentPostprocessing = 0;
		};
		4427B3F71F3F0A0A00774D0C /* Resources */ = {
			isa = PBXResourcesBuildPhase;
			buildActionMask = 2147483647;
			files = (
			);
			runOnlyForDeploymentPostprocessing = 0;
		};
/* End PBXResourcesBuildPhase section */

/* Begin PBXSourcesBuildPhase section */
		4427B3D61F3F0A0A00774D0C /* Sources */ = {
			isa = PBXSourcesBuildPhase;
			buildActionMask = 2147483647;
			files = (
				4427B3E01F3F0A0A00774D0C /* ViewController.swift in Sources */,
				4427B3DE1F3F0A0A00774D0C /* AppDelegate.swift in Sources */,
			);
			runOnlyForDeploymentPostprocessing = 0;
		};
		4427B3EA1F3F0A0A00774D0C /* Sources */ = {
			isa = PBXSourcesBuildPhase;
			buildActionMask = 2147483647;
			files = (
				4427B3F31F3F0A0A00774D0C /* NLiveTests.swift in Sources */,
			);
			runOnlyForDeploymentPostprocessing = 0;
		};
		4427B3F51F3F0A0A00774D0C /* Sources */ = {
			isa = PBXSourcesBuildPhase;
			buildActionMask = 2147483647;
			files = (
				4427B3FE1F3F0A0A00774D0C /* NLiveUITests.swift in Sources */,
			);
			runOnlyForDeploymentPostprocessing = 0;
		};
/* End PBXSourcesBuildPhase section */

/* Begin PBXTargetDependency section */
		4427B3F01F3F0A0A00774D0C /* PBXTargetDependency */ = {
			isa = PBXTargetDependency;
			target = 4427B3D91F3F0A0A00774D0C /* NLive */;
			targetProxy = 4427B3EF1F3F0A0A00774D0C /* PBXContainerItemProxy */;
		};
		4427B3FB1F3F0A0A00774D0C /* PBXTargetDependency */ = {
			isa = PBXTargetDependency;
			target = 4427B3D91F3F0A0A00774D0C /* NLive */;
			targetProxy = 4427B3FA1F3F0A0A00774D0C /* PBXContainerItemProxy */;
		};
/* End PBXTargetDependency section */

/* Begin PBXVariantGroup section */
		4427B3E11F3F0A0A00774D0C /* Main.storyboard */ = {
			isa = PBXVariantGroup;
			children = (
				4427B3E21F3F0A0A00774D0C /* Base */,
			);
			name = Main.storyboard;
			sourceTree = "<group>";
		};
		4427B3E61F3F0A0A00774D0C /* LaunchScreen.storyboard */ = {
			isa = PBXVariantGroup;
			children = (
				4427B3E71F3F0A0A00774D0C /* Base */,
			);
			name = LaunchScreen.storyboard;
			sourceTree = "<group>";
		};
/* End PBXVariantGroup section */

/* Begin XCBuildConfiguration section */
		4427B4001F3F0A0A00774D0C /* Debug */ = {
			isa = XCBuildConfiguration;
			buildSettings = {
				ALWAYS_SEARCH_USER_PATHS = NO;
				CLANG_ANALYZER_NONNULL = YES;
				CLANG_ANALYZER_NUMBER_OBJECT_CONVERSION = YES_AGGRESSIVE;
				CLANG_CXX_LANGUAGE_STANDARD = "gnu++0x";
				CLANG_CXX_LIBRARY = "libc++";
				CLANG_ENABLE_MODULES = YES;
				CLANG_ENABLE_OBJC_ARC = YES;
				CLANG_WARN_BOOL_CONVERSION = YES;
				CLANG_WARN_CONSTANT_CONVERSION = YES;
				CLANG_WARN_DIRECT_OBJC_ISA_USAGE = YES_ERROR;
				CLANG_WARN_DOCUMENTATION_COMMENTS = YES;
				CLANG_WARN_EMPTY_BODY = YES;
				CLANG_WARN_ENUM_CONVERSION = YES;
				CLANG_WARN_INFINITE_RECURSION = YES;
				CLANG_WARN_INT_CONVERSION = YES;
				CLANG_WARN_OBJC_ROOT_CLASS = YES_ERROR;
				CLANG_WARN_SUSPICIOUS_MOVE = YES;
				CLANG_WARN_UNREACHABLE_CODE = YES;
				CLANG_WARN__DUPLICATE_METHOD_MATCH = YES;
				"CODE_SIGN_IDENTITY[sdk=iphoneos*]" = "iPhone Developer";
				COPY_PHASE_STRIP = NO;
				DEBUG_INFORMATION_FORMAT = dwarf;
				ENABLE_STRICT_OBJC_MSGSEND = YES;
				ENABLE_TESTABILITY = YES;
				GCC_C_LANGUAGE_STANDARD = gnu99;
				GCC_DYNAMIC_NO_PIC = NO;
				GCC_NO_COMMON_BLOCKS = YES;
				GCC_OPTIMIZATION_LEVEL = 0;
				GCC_PREPROCESSOR_DEFINITIONS = (
					"DEBUG=1",
					"$(inherited)",
				);
				GCC_WARN_64_TO_32_BIT_CONVERSION = YES;
				GCC_WARN_ABOUT_RETURN_TYPE = YES_ERROR;
				GCC_WARN_UNDECLARED_SELECTOR = YES;
				GCC_WARN_UNINITIALIZED_AUTOS = YES_AGGRESSIVE;
				GCC_WARN_UNUSED_FUNCTION = YES;
				GCC_WARN_UNUSED_VARIABLE = YES;
				IPHONEOS_DEPLOYMENT_TARGET = 10.3;
				MTL_ENABLE_DEBUG_INFO = YES;
				ONLY_ACTIVE_ARCH = YES;
				SDKROOT = iphoneos;
				SWIFT_ACTIVE_COMPILATION_CONDITIONS = DEBUG;
				SWIFT_OPTIMIZATION_LEVEL = "-Onone";
				TARGETED_DEVICE_FAMILY = "1,2";
			};
			name = Debug;
		};
		4427B4011F3F0A0A00774D0C /* Release */ = {
			isa = XCBuildConfiguration;
			buildSettings = {
				ALWAYS_SEARCH_USER_PATHS = NO;
				CLANG_ANALYZER_NONNULL = YES;
				CLANG_ANALYZER_NUMBER_OBJECT_CONVERSION = YES_AGGRESSIVE;
				CLANG_CXX_LANGUAGE_STANDARD = "gnu++0x";
				CLANG_CXX_LIBRARY = "libc++";
				CLANG_ENABLE_MODULES = YES;
				CLANG_ENABLE_OBJC_ARC = YES;
				CLANG_WARN_BOOL_CONVERSION = YES;
				CLANG_WARN_CONSTANT_CONVERSION = YES;
				CLANG_WARN_DIRECT_OBJC_ISA_USAGE = YES_ERROR;
				CLANG_WARN_DOCUMENTATION_COMMENTS = YES;
				CLANG_WARN_EMPTY_BODY = YES;
				CLANG_WARN_ENUM_CONVERSION = YES;
				CLANG_WARN_INFINITE_RECURSION = YES;
				CLANG_WARN_INT_CONVERSION = YES;
				CLANG_WARN_OBJC_ROOT_CLASS = YES_ERROR;
				CLANG_WARN_SUSPICIOUS_MOVE = YES;
				CLANG_WARN_UNREACHABLE_CODE = YES;
				CLANG_WARN__DUPLICATE_METHOD_MATCH = YES;
				"CODE_SIGN_IDENTITY[sdk=iphoneos*]" = "iPhone Developer";
				COPY_PHASE_STRIP = NO;
				DEBUG_INFORMATION_FORMAT = "dwarf-with-dsym";
				ENABLE_NS_ASSERTIONS = NO;
				ENABLE_STRICT_OBJC_MSGSEND = YES;
				GCC_C_LANGUAGE_STANDARD = gnu99;
				GCC_NO_COMMON_BLOCKS = YES;
				GCC_WARN_64_TO_32_BIT_CONVERSION = YES;
				GCC_WARN_ABOUT_RETURN_TYPE = YES_ERROR;
				GCC_WARN_UNDECLARED_SELECTOR = YES;
				GCC_WARN_UNINITIALIZED_AUTOS = YES_AGGRESSIVE;
				GCC_WARN_UNUSED_FUNCTION = YES;
				GCC_WARN_UNUSED_VARIABLE = YES;
				IPHONEOS_DEPLOYMENT_TARGET = 10.3;
				MTL_ENABLE_DEBUG_INFO = NO;
				SDKROOT = iphoneos;
				SWIFT_OPTIMIZATION_LEVEL = "-Owholemodule";
				TARGETED_DEVICE_FAMILY = "1,2";
				VALIDATE_PRODUCT = YES;
			};
			name = Release;
		};
		4427B4031F3F0A0A00774D0C /* Debug */ = {
			isa = XCBuildConfiguration;
			buildSettings = {
				ASSETCATALOG_COMPILER_APPICON_NAME = AppIcon;
				DEVELOPMENT_TEAM = J67Y29BQR7;
				INFOPLIST_FILE = NLive/Info.plist;
				LD_RUNPATH_SEARCH_PATHS = "$(inherited) @executable_path/Frameworks";
				PRODUCT_BUNDLE_IDENTIFIER = it.eantropov.NLive;
				PRODUCT_NAME = "$(TARGET_NAME)";
				SWIFT_VERSION = 3.0;
			};
			name = Debug;
		};
		4427B4041F3F0A0A00774D0C /* Release */ = {
			isa = XCBuildConfiguration;
			buildSettings = {
				ASSETCATALOG_COMPILER_APPICON_NAME = AppIcon;
				DEVELOPMENT_TEAM = J67Y29BQR7;
				INFOPLIST_FILE = NLive/Info.plist;
				LD_RUNPATH_SEARCH_PATHS = "$(inherited) @executable_path/Frameworks";
				PRODUCT_BUNDLE_IDENTIFIER = it.eantropov.NLive;
				PRODUCT_NAME = "$(TARGET_NAME)";
				SWIFT_VERSION = 3.0;
			};
			name = Release;
		};
		4427B4061F3F0A0A00774D0C /* Debug */ = {
			isa = XCBuildConfiguration;
			buildSettings = {
				ALWAYS_EMBED_SWIFT_STANDARD_LIBRARIES = YES;
				BUNDLE_LOADER = "$(TEST_HOST)";
				DEVELOPMENT_TEAM = J67Y29BQR7;
				INFOPLIST_FILE = NLiveTests/Info.plist;
				LD_RUNPATH_SEARCH_PATHS = "$(inherited) @executable_path/Frameworks @loader_path/Frameworks";
				PRODUCT_BUNDLE_IDENTIFIER = it.eantropov.NLiveTests;
				PRODUCT_NAME = "$(TARGET_NAME)";
				SWIFT_VERSION = 3.0;
				TEST_HOST = "$(BUILT_PRODUCTS_DIR)/NLive.app/NLive";
			};
			name = Debug;
		};
		4427B4071F3F0A0A00774D0C /* Release */ = {
			isa = XCBuildConfiguration;
			buildSettings = {
				ALWAYS_EMBED_SWIFT_STANDARD_LIBRARIES = YES;
				BUNDLE_LOADER = "$(TEST_HOST)";
				DEVELOPMENT_TEAM = J67Y29BQR7;
				INFOPLIST_FILE = NLiveTests/Info.plist;
				LD_RUNPATH_SEARCH_PATHS = "$(inherited) @executable_path/Frameworks @loader_path/Frameworks";
				PRODUCT_BUNDLE_IDENTIFIER = it.eantropov.NLiveTests;
				PRODUCT_NAME = "$(TARGET_NAME)";
				SWIFT_VERSION = 3.0;
				TEST_HOST = "$(BUILT_PRODUCTS_DIR)/NLive.app/NLive";
			};
			name = Release;
		};
		4427B4091F3F0A0A00774D0C /* Debug */ = {
			isa = XCBuildConfiguration;
			buildSettings = {
				ALWAYS_EMBED_SWIFT_STANDARD_LIBRARIES = YES;
				DEVELOPMENT_TEAM = J67Y29BQR7;
				INFOPLIST_FILE = NLiveUITests/Info.plist;
				LD_RUNPATH_SEARCH_PATHS = "$(inherited) @executable_path/Frameworks @loader_path/Frameworks";
				PRODUCT_BUNDLE_IDENTIFIER = it.eantropov.NLiveUITests;
				PRODUCT_NAME = "$(TARGET_NAME)";
				SWIFT_VERSION = 3.0;
				TEST_TARGET_NAME = NLive;
			};
			name = Debug;
		};
		4427B40A1F3F0A0A00774D0C /* Release */ = {
			isa = XCBuildConfiguration;
			buildSettings = {
				ALWAYS_EMBED_SWIFT_STANDARD_LIBRARIES = YES;
				DEVELOPMENT_TEAM = J67Y29BQR7;
				INFOPLIST_FILE = NLiveUITests/Info.plist;
				LD_RUNPATH_SEARCH_PATHS = "$(inherited) @executable_path/Frameworks @loader_path/Frameworks";
				PRODUCT_BUNDLE_IDENTIFIER = it.eantropov.NLiveUITests;
				PRODUCT_NAME = "$(TARGET_NAME)";
				SWIFT_VERSION = 3.0;
				TEST_TARGET_NAME = NLive;
			};
			name = Release;
		};
/* End XCBuildConfiguration section */

/* Begin XCConfigurationList section */
		4427B3D51F3F0A0A00774D0C /* Build configuration list for PBXProject "NLive" */ = {
			isa = XCConfigurationList;
			buildConfigurations = (
				4427B4001F3F0A0A00774D0C /* Debug */,
				4427B4011F3F0A0A00774D0C /* Release */,
			);
			defaultConfigurationIsVisible = 0;
			defaultConfigurationName = Release;
		};
		4427B4021F3F0A0A00774D0C /* Build configuration list for PBXNativeTarget "NLive" */ = {
			isa = XCConfigurationList;
			buildConfigurations = (
				4427B4031F3F0A0A00774D0C /* Debug */,
				4427B4041F3F0A0A00774D0C /* Release */,
			);
			defaultConfigurationIsVisible = 0;
		};
		4427B4051F3F0A0A00774D0C /* Build configuration list for PBXNativeTarget "NLiveTests" */ = {
			isa = XCConfigurationList;
			buildConfigurations = (
				4427B4061F3F0A0A00774D0C /* Debug */,
				4427B4071F3F0A0A00774D0C /* Release */,
			);
			defaultConfigurationIsVisible = 0;
		};
		4427B4081F3F0A0A00774D0C /* Build configuration list for PBXNativeTarget "NLiveUITests" */ = {
			isa = XCConfigurationList;
			buildConfigurations = (
				4427B4091F3F0A0A00774D0C /* Debug */,
				4427B40A1F3F0A0A00774D0C /* Release */,
			);
			defaultConfigurationIsVisible = 0;
		};
/* End XCConfigurationList section */
	};
	rootObject = 4427B3D21F3F0A0A00774D0C /* Project object */;
}
